// !$*UTF8*$!
{
	archiveVersion = 1;
	classes = {
	};
	objectVersion = 45;
	objects = {

/* Begin PBXBuildFile section */
		52A9DF61104CFFB900440164 /* ILVoyage.m in Sources */ = {isa = PBXBuildFile; fileRef = 52A9DF27104CFFB900440164 /* ILVoyage.m */; };
		52A9DF62104CFFB900440164 /* ILVoyage.h in Headers */ = {isa = PBXBuildFile; fileRef = 52A9DF28104CFFB900440164 /* ILVoyage.h */; settings = {ATTRIBUTES = (Public, ); }; };
		52A9DF63104CFFB900440164 /* ILVesselData.m in Sources */ = {isa = PBXBuildFile; fileRef = 52A9DF29104CFFB900440164 /* ILVesselData.m */; };
		52A9DF64104CFFB900440164 /* ILVesselData.h in Headers */ = {isa = PBXBuildFile; fileRef = 52A9DF2A104CFFB900440164 /* ILVesselData.h */; settings = {ATTRIBUTES = (Public, ); }; };
		52A9DF65104CFFB900440164 /* ILTransmission.m in Sources */ = {isa = PBXBuildFile; fileRef = 52A9DF2B104CFFB900440164 /* ILTransmission.m */; };
		52A9DF66104CFFB900440164 /* ILTransmission.h in Headers */ = {isa = PBXBuildFile; fileRef = 52A9DF2C104CFFB900440164 /* ILTransmission.h */; settings = {ATTRIBUTES = (Public, ); }; };
		52A9DF67104CFFB900440164 /* ILStaticData.m in Sources */ = {isa = PBXBuildFile; fileRef = 52A9DF2D104CFFB900440164 /* ILStaticData.m */; };
		52A9DF68104CFFB900440164 /* ILStaticData.h in Headers */ = {isa = PBXBuildFile; fileRef = 52A9DF2E104CFFB900440164 /* ILStaticData.h */; settings = {ATTRIBUTES = (Public, ); }; };
		52A9DF69104CFFB900440164 /* ILServiceRequest.m in Sources */ = {isa = PBXBuildFile; fileRef = 52A9DF2F104CFFB900440164 /* ILServiceRequest.m */; };
		52A9DF6A104CFFB900440164 /* ILServiceRequest.h in Headers */ = {isa = PBXBuildFile; fileRef = 52A9DF30104CFFB900440164 /* ILServiceRequest.h */; settings = {ATTRIBUTES = (Public, ); }; };
		52A9DF6B104CFFB900440164 /* ILServerStatus.m in Sources */ = {isa = PBXBuildFile; fileRef = 52A9DF31104CFFB900440164 /* ILServerStatus.m */; };
		52A9DF6C104CFFB900440164 /* ILItem.m in Sources */ = {isa = PBXBuildFile; fileRef = 52A9DF32104CFFB900440164 /* ILItem.m */; };
		52A9DF6D104CFFB900440164 /* ILMSG_LoginRequest.m in Sources */ = {isa = PBXBuildFile; fileRef = 52A9DF33104CFFB900440164 /* ILMSG_LoginRequest.m */; };
		52A9DF6E104CFFB900440164 /* ILMSG_Pong.h in Headers */ = {isa = PBXBuildFile; fileRef = 52A9DF34104CFFB900440164 /* ILMSG_Pong.h */; settings = {ATTRIBUTES = (Public, ); }; };
		52A9DF6F104CFFB900440164 /* ILMSG_LoginRequest.h in Headers */ = {isa = PBXBuildFile; fileRef = 52A9DF35104CFFB900440164 /* ILMSG_LoginRequest.h */; settings = {ATTRIBUTES = (Public, ); }; };
		52A9DF70104CFFB900440164 /* ILLogout.h in Headers */ = {isa = PBXBuildFile; fileRef = 52A9DF36104CFFB900440164 /* ILLogout.h */; settings = {ATTRIBUTES = (Public, ); }; };
		52A9DF71104CFFB900440164 /* ILMSG_Ping.m in Sources */ = {isa = PBXBuildFile; fileRef = 52A9DF37104CFFB900440164 /* ILMSG_Ping.m */; };
		52A9DF72104CFFB900440164 /* ILMSG_ServiceRequest.h in Headers */ = {isa = PBXBuildFile; fileRef = 52A9DF38104CFFB900440164 /* ILMSG_ServiceRequest.h */; settings = {ATTRIBUTES = (Public, ); }; };
		52A9DF73104CFFB900440164 /* ILMSG_Ping.h in Headers */ = {isa = PBXBuildFile; fileRef = 52A9DF39104CFFB900440164 /* ILMSG_Ping.h */; settings = {ATTRIBUTES = (Public, ); }; };
		52A9DF74104CFFB900440164 /* ILMSG_ServerStatus.h in Headers */ = {isa = PBXBuildFile; fileRef = 52A9DF3A104CFFB900440164 /* ILMSG_ServerStatus.h */; settings = {ATTRIBUTES = (Public, ); }; };
		52A9DF75104CFFB900440164 /* ILLoginResponse.m in Sources */ = {isa = PBXBuildFile; fileRef = 52A9DF3B104CFFB900440164 /* ILLoginResponse.m */; };
		52A9DF76104CFFB900440164 /* ILLogout.m in Sources */ = {isa = PBXBuildFile; fileRef = 52A9DF3C104CFFB900440164 /* ILLogout.m */; };
		52A9DF77104CFFB900440164 /* ILPos.m in Sources */ = {isa = PBXBuildFile; fileRef = 52A9DF3D104CFFB900440164 /* ILPos.m */; };
		52A9DF78104CFFB900440164 /* ILPos.h in Headers */ = {isa = PBXBuildFile; fileRef = 52A9DF3E104CFFB900440164 /* ILPos.h */; settings = {ATTRIBUTES = (Public, ); }; };
		52A9DF79104CFFB900440164 /* ILLoginRequest.m in Sources */ = {isa = PBXBuildFile; fileRef = 52A9DF3F104CFFB900440164 /* ILLoginRequest.m */; };
		52A9DF7A104CFFB900440164 /* ILLoginResponse.h in Headers */ = {isa = PBXBuildFile; fileRef = 52A9DF40104CFFB900440164 /* ILLoginResponse.h */; settings = {ATTRIBUTES = (Public, ); }; };
		52A9DF7B104CFFB900440164 /* ILMSG_Logout.m in Sources */ = {isa = PBXBuildFile; fileRef = 52A9DF41104CFFB900440164 /* ILMSG_Logout.m */; };
		52A9DF7C104CFFB900440164 /* ILMSG_Logout.h in Headers */ = {isa = PBXBuildFile; fileRef = 52A9DF42104CFFB900440164 /* ILMSG_Logout.h */; settings = {ATTRIBUTES = (Public, ); }; };
		52A9DF7D104CFFB900440164 /* ILMSG_LoginResponse.m in Sources */ = {isa = PBXBuildFile; fileRef = 52A9DF43104CFFB900440164 /* ILMSG_LoginResponse.m */; };
		52A9DF7E104CFFB900440164 /* ILPing.m in Sources */ = {isa = PBXBuildFile; fileRef = 52A9DF44104CFFB900440164 /* ILPing.m */; };
		52A9DF7F104CFFB900440164 /* ILPing.h in Headers */ = {isa = PBXBuildFile; fileRef = 52A9DF45104CFFB900440164 /* ILPing.h */; settings = {ATTRIBUTES = (Public, ); }; };
		52A9DF80104CFFB900440164 /* ILMSG_LoginResponse.h in Headers */ = {isa = PBXBuildFile; fileRef = 52A9DF46104CFFB900440164 /* ILMSG_LoginResponse.h */; settings = {ATTRIBUTES = (Public, ); }; };
		52A9DF81104CFFB900440164 /* ILMSG_ServerStatus.m in Sources */ = {isa = PBXBuildFile; fileRef = 52A9DF47104CFFB900440164 /* ILMSG_ServerStatus.m */; };
		52A9DF82104CFFB900440164 /* ILMSG_VesselData.h in Headers */ = {isa = PBXBuildFile; fileRef = 52A9DF48104CFFB900440164 /* ILMSG_VesselData.h */; settings = {ATTRIBUTES = (Public, ); }; };
		52A9DF83104CFFB900440164 /* ILParser.m in Sources */ = {isa = PBXBuildFile; fileRef = 52A9DF49104CFFB900440164 /* ILParser.m */; };
		52A9DF84104CFFB900440164 /* ILParser.h in Headers */ = {isa = PBXBuildFile; fileRef = 52A9DF4A104CFFB900440164 /* ILParser.h */; settings = {ATTRIBUTES = (Public, ); }; };
		52A9DF85104CFFB900440164 /* ILMSG_Pong.m in Sources */ = {isa = PBXBuildFile; fileRef = 52A9DF4B104CFFB900440164 /* ILMSG_Pong.m */; };
		52A9DF86104CFFB900440164 /* ILPosReport.m in Sources */ = {isa = PBXBuildFile; fileRef = 52A9DF4C104CFFB900440164 /* ILPosReport.m */; };
		52A9DF87104CFFB900440164 /* ILPosReport.h in Headers */ = {isa = PBXBuildFile; fileRef = 52A9DF4D104CFFB900440164 /* ILPosReport.h */; settings = {ATTRIBUTES = (Public, ); }; };
		52A9DF88104CFFB900440164 /* ILSchema.m in Sources */ = {isa = PBXBuildFile; fileRef = 52A9DF4E104CFFB900440164 /* ILSchema.m */; };
		52A9DF89104CFFB900440164 /* ILSchema.h in Headers */ = {isa = PBXBuildFile; fileRef = 52A9DF4F104CFFB900440164 /* ILSchema.h */; settings = {ATTRIBUTES = (Public, ); }; };
		52A9DF8A104CFFB900440164 /* ILServerStatus.h in Headers */ = {isa = PBXBuildFile; fileRef = 52A9DF50104CFFB900440164 /* ILServerStatus.h */; settings = {ATTRIBUTES = (Public, ); }; };
		52A9DF8B104CFFB900440164 /* ILSensor.m in Sources */ = {isa = PBXBuildFile; fileRef = 52A9DF51104CFFB900440164 /* ILSensor.m */; };
		52A9DF8C104CFFB900440164 /* ILSensor.h in Headers */ = {isa = PBXBuildFile; fileRef = 52A9DF52104CFFB900440164 /* ILSensor.h */; settings = {ATTRIBUTES = (Public, ); }; };
		52A9DF8D104CFFB900440164 /* ILLoginRequest.h in Headers */ = {isa = PBXBuildFile; fileRef = 52A9DF53104CFFB900440164 /* ILLoginRequest.h */; settings = {ATTRIBUTES = (Public, ); }; };
		52A9DF8E104CFFB900440164 /* ILPong.m in Sources */ = {isa = PBXBuildFile; fileRef = 52A9DF54104CFFB900440164 /* ILPong.m */; };
		52A9DF8F104CFFB900440164 /* ILPong.h in Headers */ = {isa = PBXBuildFile; fileRef = 52A9DF55104CFFB900440164 /* ILPong.h */; settings = {ATTRIBUTES = (Public, ); }; };
		52A9DF90104CFFB900440164 /* ILMSG_VesselData.m in Sources */ = {isa = PBXBuildFile; fileRef = 52A9DF56104CFFB900440164 /* ILMSG_VesselData.m */; };
		52A9DF91104CFFB900440164 /* ILItem.h in Headers */ = {isa = PBXBuildFile; fileRef = 52A9DF57104CFFB900440164 /* ILItem.h */; settings = {ATTRIBUTES = (Public, ); }; };
		52A9DF92104CFFB900440164 /* ILMSG_ServiceRequest.m in Sources */ = {isa = PBXBuildFile; fileRef = 52A9DF58104CFFB900440164 /* ILMSG_ServiceRequest.m */; };
		52A9DF93104CFFB900440164 /* ILArea.m in Sources */ = {isa = PBXBuildFile; fileRef = 52A9DF59104CFFB900440164 /* ILArea.m */; };
		52A9DF94104CFFB900440164 /* ILBody.m in Sources */ = {isa = PBXBuildFile; fileRef = 52A9DF5A104CFFB900440164 /* ILBody.m */; };
		52A9DF95104CFFB900440164 /* ILObject.m in Sources */ = {isa = PBXBuildFile; fileRef = 52A9DF5B104CFFB900440164 /* ILObject.m */; };
		52A9DF96104CFFB900440164 /* ILObject.h in Headers */ = {isa = PBXBuildFile; fileRef = 52A9DF5C104CFFB900440164 /* ILObject.h */; settings = {ATTRIBUTES = (Public, ); }; };
		52A9DF97104CFFB900440164 /* ILHeader.m in Sources */ = {isa = PBXBuildFile; fileRef = 52A9DF5D104CFFB900440164 /* ILHeader.m */; };
		52A9DF98104CFFB900440164 /* ILBody.h in Headers */ = {isa = PBXBuildFile; fileRef = 52A9DF5E104CFFB900440164 /* ILBody.h */; settings = {ATTRIBUTES = (Public, ); }; };
		52A9DF99104CFFB900440164 /* ILHeader.h in Headers */ = {isa = PBXBuildFile; fileRef = 52A9DF5F104CFFB900440164 /* ILHeader.h */; settings = {ATTRIBUTES = (Public, ); }; };
		52A9DF9A104CFFB900440164 /* ILArea.h in Headers */ = {isa = PBXBuildFile; fileRef = 52A9DF60104CFFB900440164 /* ILArea.h */; settings = {ATTRIBUTES = (Public, ); }; };
		52C64C1E10A1E62F0085A2A5 /* ILTaggedItem.h in Headers */ = {isa = PBXBuildFile; fileRef = 52C64C1C10A1E62F0085A2A5 /* ILTaggedItem.h */; settings = {ATTRIBUTES = (Public, ); }; };
		52C64C1F10A1E62F0085A2A5 /* ILTaggedItem.m in Sources */ = {isa = PBXBuildFile; fileRef = 52C64C1D10A1E62F0085A2A5 /* ILTaggedItem.m */; };
		8DC2EF530486A6940098B216 /* InfoPlist.strings in Resources */ = {isa = PBXBuildFile; fileRef = 089C1666FE841158C02AAC07 /* InfoPlist.strings */; };
		8DC2EF570486A6940098B216 /* Cocoa.framework in Frameworks */ = {isa = PBXBuildFile; fileRef = 1058C7B1FEA5585E11CA2CBB /* Cocoa.framework */; };
/* End PBXBuildFile section */

/* Begin PBXFileReference section */
		0867D69BFE84028FC02AAC07 /* Foundation.framework */ = {isa = PBXFileReference; lastKnownFileType = wrapper.framework; name = Foundation.framework; path = /System/Library/Frameworks/Foundation.framework; sourceTree = "<absolute>"; };
		0867D6A5FE840307C02AAC07 /* AppKit.framework */ = {isa = PBXFileReference; lastKnownFileType = wrapper.framework; name = AppKit.framework; path = /System/Library/Frameworks/AppKit.framework; sourceTree = "<absolute>"; };
		089C1667FE841158C02AAC07 /* English */ = {isa = PBXFileReference; fileEncoding = 10; lastKnownFileType = text.plist.strings; name = English; path = English.lproj/InfoPlist.strings; sourceTree = "<group>"; };
		1058C7B1FEA5585E11CA2CBB /* Cocoa.framework */ = {isa = PBXFileReference; lastKnownFileType = wrapper.framework; name = Cocoa.framework; path = /System/Library/Frameworks/Cocoa.framework; sourceTree = "<absolute>"; };
		32DBCF5E0370ADEE00C91783 /* IVEF_Prefix.pch */ = {isa = PBXFileReference; fileEncoding = 4; lastKnownFileType = sourcecode.c.h; path = IVEF_Prefix.pch; sourceTree = "<group>"; };
		52A9DF27104CFFB900440164 /* ILVoyage.m */ = {isa = PBXFileReference; fileEncoding = 4; lastKnownFileType = sourcecode.c.objc; name = ILVoyage.m; path = Classes/ILVoyage.m; sourceTree = "<group>"; };
		52A9DF28104CFFB900440164 /* ILVoyage.h */ = {isa = PBXFileReference; fileEncoding = 4; lastKnownFileType = sourcecode.c.h; name = ILVoyage.h; path = Classes/ILVoyage.h; sourceTree = "<group>"; };
		52A9DF29104CFFB900440164 /* ILVesselData.m */ = {isa = PBXFileReference; fileEncoding = 4; lastKnownFileType = sourcecode.c.objc; name = ILVesselData.m; path = Classes/ILVesselData.m; sourceTree = "<group>"; };
		52A9DF2A104CFFB900440164 /* ILVesselData.h */ = {isa = PBXFileReference; fileEncoding = 4; lastKnownFileType = sourcecode.c.h; name = ILVesselData.h; path = Classes/ILVesselData.h; sourceTree = "<group>"; };
		52A9DF2B104CFFB900440164 /* ILTransmission.m */ = {isa = PBXFileReference; fileEncoding = 4; lastKnownFileType = sourcecode.c.objc; name = ILTransmission.m; path = Classes/ILTransmission.m; sourceTree = "<group>"; };
		52A9DF2C104CFFB900440164 /* ILTransmission.h */ = {isa = PBXFileReference; fileEncoding = 4; lastKnownFileType = sourcecode.c.h; name = ILTransmission.h; path = Classes/ILTransmission.h; sourceTree = "<group>"; };
		52A9DF2D104CFFB900440164 /* ILStaticData.m */ = {isa = PBXFileReference; fileEncoding = 4; lastKnownFileType = sourcecode.c.objc; name = ILStaticData.m; path = Classes/ILStaticData.m; sourceTree = "<group>"; };
		52A9DF2E104CFFB900440164 /* ILStaticData.h */ = {isa = PBXFileReference; fileEncoding = 4; lastKnownFileType = sourcecode.c.h; name = ILStaticData.h; path = Classes/ILStaticData.h; sourceTree = "<group>"; };
		52A9DF2F104CFFB900440164 /* ILServiceRequest.m */ = {isa = PBXFileReference; fileEncoding = 4; lastKnownFileType = sourcecode.c.objc; name = ILServiceRequest.m; path = Classes/ILServiceRequest.m; sourceTree = "<group>"; };
		52A9DF30104CFFB900440164 /* ILServiceRequest.h */ = {isa = PBXFileReference; fileEncoding = 4; lastKnownFileType = sourcecode.c.h; name = ILServiceRequest.h; path = Classes/ILServiceRequest.h; sourceTree = "<group>"; };
		52A9DF31104CFFB900440164 /* ILServerStatus.m */ = {isa = PBXFileReference; fileEncoding = 4; lastKnownFileType = sourcecode.c.objc; name = ILServerStatus.m; path = Classes/ILServerStatus.m; sourceTree = "<group>"; };
		52A9DF32104CFFB900440164 /* ILItem.m */ = {isa = PBXFileReference; fileEncoding = 4; lastKnownFileType = sourcecode.c.objc; name = ILItem.m; path = Classes/ILItem.m; sourceTree = "<group>"; };
		52A9DF33104CFFB900440164 /* ILMSG_LoginRequest.m */ = {isa = PBXFileReference; fileEncoding = 4; lastKnownFileType = sourcecode.c.objc; name = ILMSG_LoginRequest.m; path = Classes/ILMSG_LoginRequest.m; sourceTree = "<group>"; };
		52A9DF34104CFFB900440164 /* ILMSG_Pong.h */ = {isa = PBXFileReference; fileEncoding = 4; lastKnownFileType = sourcecode.c.h; name = ILMSG_Pong.h; path = Classes/ILMSG_Pong.h; sourceTree = "<group>"; };
		52A9DF35104CFFB900440164 /* ILMSG_LoginRequest.h */ = {isa = PBXFileReference; fileEncoding = 4; lastKnownFileType = sourcecode.c.h; name = ILMSG_LoginRequest.h; path = Classes/ILMSG_LoginRequest.h; sourceTree = "<group>"; };
		52A9DF36104CFFB900440164 /* ILLogout.h */ = {isa = PBXFileReference; fileEncoding = 4; lastKnownFileType = sourcecode.c.h; name = ILLogout.h; path = Classes/ILLogout.h; sourceTree = "<group>"; };
		52A9DF37104CFFB900440164 /* ILMSG_Ping.m */ = {isa = PBXFileReference; fileEncoding = 4; lastKnownFileType = sourcecode.c.objc; name = ILMSG_Ping.m; path = Classes/ILMSG_Ping.m; sourceTree = "<group>"; };
		52A9DF38104CFFB900440164 /* ILMSG_ServiceRequest.h */ = {isa = PBXFileReference; fileEncoding = 4; lastKnownFileType = sourcecode.c.h; name = ILMSG_ServiceRequest.h; path = Classes/ILMSG_ServiceRequest.h; sourceTree = "<group>"; };
		52A9DF39104CFFB900440164 /* ILMSG_Ping.h */ = {isa = PBXFileReference; fileEncoding = 4; lastKnownFileType = sourcecode.c.h; name = ILMSG_Ping.h; path = Classes/ILMSG_Ping.h; sourceTree = "<group>"; };
		52A9DF3A104CFFB900440164 /* ILMSG_ServerStatus.h */ = {isa = PBXFileReference; fileEncoding = 4; lastKnownFileType = sourcecode.c.h; name = ILMSG_ServerStatus.h; path = Classes/ILMSG_ServerStatus.h; sourceTree = "<group>"; };
		52A9DF3B104CFFB900440164 /* ILLoginResponse.m */ = {isa = PBXFileReference; fileEncoding = 4; lastKnownFileType = sourcecode.c.objc; name = ILLoginResponse.m; path = Classes/ILLoginResponse.m; sourceTree = "<group>"; };
		52A9DF3C104CFFB900440164 /* ILLogout.m */ = {isa = PBXFileReference; fileEncoding = 4; lastKnownFileType = sourcecode.c.objc; name = ILLogout.m; path = Classes/ILLogout.m; sourceTree = "<group>"; };
		52A9DF3D104CFFB900440164 /* ILPos.m */ = {isa = PBXFileReference; fileEncoding = 4; lastKnownFileType = sourcecode.c.objc; name = ILPos.m; path = Classes/ILPos.m; sourceTree = "<group>"; };
		52A9DF3E104CFFB900440164 /* ILPos.h */ = {isa = PBXFileReference; fileEncoding = 4; lastKnownFileType = sourcecode.c.h; name = ILPos.h; path = Classes/ILPos.h; sourceTree = "<group>"; };
		52A9DF3F104CFFB900440164 /* ILLoginRequest.m */ = {isa = PBXFileReference; fileEncoding = 4; lastKnownFileType = sourcecode.c.objc; name = ILLoginRequest.m; path = Classes/ILLoginRequest.m; sourceTree = "<group>"; };
		52A9DF40104CFFB900440164 /* ILLoginResponse.h */ = {isa = PBXFileReference; fileEncoding = 4; lastKnownFileType = sourcecode.c.h; name = ILLoginResponse.h; path = Classes/ILLoginResponse.h; sourceTree = "<group>"; };
		52A9DF41104CFFB900440164 /* ILMSG_Logout.m */ = {isa = PBXFileReference; fileEncoding = 4; lastKnownFileType = sourcecode.c.objc; name = ILMSG_Logout.m; path = Classes/ILMSG_Logout.m; sourceTree = "<group>"; };
		52A9DF42104CFFB900440164 /* ILMSG_Logout.h */ = {isa = PBXFileReference; fileEncoding = 4; lastKnownFileType = sourcecode.c.h; name = ILMSG_Logout.h; path = Classes/ILMSG_Logout.h; sourceTree = "<group>"; };
		52A9DF43104CFFB900440164 /* ILMSG_LoginResponse.m */ = {isa = PBXFileReference; fileEncoding = 4; lastKnownFileType = sourcecode.c.objc; name = ILMSG_LoginResponse.m; path = Classes/ILMSG_LoginResponse.m; sourceTree = "<group>"; };
		52A9DF44104CFFB900440164 /* ILPing.m */ = {isa = PBXFileReference; fileEncoding = 4; lastKnownFileType = sourcecode.c.objc; name = ILPing.m; path = Classes/ILPing.m; sourceTree = "<group>"; };
		52A9DF45104CFFB900440164 /* ILPing.h */ = {isa = PBXFileReference; fileEncoding = 4; lastKnownFileType = sourcecode.c.h; name = ILPing.h; path = Classes/ILPing.h; sourceTree = "<group>"; };
		52A9DF46104CFFB900440164 /* ILMSG_LoginResponse.h */ = {isa = PBXFileReference; fileEncoding = 4; lastKnownFileType = sourcecode.c.h; name = ILMSG_LoginResponse.h; path = Classes/ILMSG_LoginResponse.h; sourceTree = "<group>"; };
		52A9DF47104CFFB900440164 /* ILMSG_ServerStatus.m */ = {isa = PBXFileReference; fileEncoding = 4; lastKnownFileType = sourcecode.c.objc; name = ILMSG_ServerStatus.m; path = Classes/ILMSG_ServerStatus.m; sourceTree = "<group>"; };
		52A9DF48104CFFB900440164 /* ILMSG_VesselData.h */ = {isa = PBXFileReference; fileEncoding = 4; lastKnownFileType = sourcecode.c.h; name = ILMSG_VesselData.h; path = Classes/ILMSG_VesselData.h; sourceTree = "<group>"; };
		52A9DF49104CFFB900440164 /* ILParser.m */ = {isa = PBXFileReference; fileEncoding = 4; lastKnownFileType = sourcecode.c.objc; name = ILParser.m; path = Classes/ILParser.m; sourceTree = "<group>"; };
		52A9DF4A104CFFB900440164 /* ILParser.h */ = {isa = PBXFileReference; fileEncoding = 4; lastKnownFileType = sourcecode.c.h; name = ILParser.h; path = Classes/ILParser.h; sourceTree = "<group>"; };
		52A9DF4B104CFFB900440164 /* ILMSG_Pong.m */ = {isa = PBXFileReference; fileEncoding = 4; lastKnownFileType = sourcecode.c.objc; name = ILMSG_Pong.m; path = Classes/ILMSG_Pong.m; sourceTree = "<group>"; };
		52A9DF4C104CFFB900440164 /* ILPosReport.m */ = {isa = PBXFileReference; fileEncoding = 4; lastKnownFileType = sourcecode.c.objc; name = ILPosReport.m; path = Classes/ILPosReport.m; sourceTree = "<group>"; };
		52A9DF4D104CFFB900440164 /* ILPosReport.h */ = {isa = PBXFileReference; fileEncoding = 4; lastKnownFileType = sourcecode.c.h; name = ILPosReport.h; path = Classes/ILPosReport.h; sourceTree = "<group>"; };
		52A9DF4E104CFFB900440164 /* ILSchema.m */ = {isa = PBXFileReference; fileEncoding = 4; lastKnownFileType = sourcecode.c.objc; name = ILSchema.m; path = Classes/ILSchema.m; sourceTree = "<group>"; };
		52A9DF4F104CFFB900440164 /* ILSchema.h */ = {isa = PBXFileReference; fileEncoding = 4; lastKnownFileType = sourcecode.c.h; name = ILSchema.h; path = Classes/ILSchema.h; sourceTree = "<group>"; };
		52A9DF50104CFFB900440164 /* ILServerStatus.h */ = {isa = PBXFileReference; fileEncoding = 4; lastKnownFileType = sourcecode.c.h; name = ILServerStatus.h; path = Classes/ILServerStatus.h; sourceTree = "<group>"; };
		52A9DF51104CFFB900440164 /* ILSensor.m */ = {isa = PBXFileReference; fileEncoding = 4; lastKnownFileType = sourcecode.c.objc; name = ILSensor.m; path = Classes/ILSensor.m; sourceTree = "<group>"; };
		52A9DF52104CFFB900440164 /* ILSensor.h */ = {isa = PBXFileReference; fileEncoding = 4; lastKnownFileType = sourcecode.c.h; name = ILSensor.h; path = Classes/ILSensor.h; sourceTree = "<group>"; };
		52A9DF53104CFFB900440164 /* ILLoginRequest.h */ = {isa = PBXFileReference; fileEncoding = 4; lastKnownFileType = sourcecode.c.h; name = ILLoginRequest.h; path = Classes/ILLoginRequest.h; sourceTree = "<group>"; };
		52A9DF54104CFFB900440164 /* ILPong.m */ = {isa = PBXFileReference; fileEncoding = 4; lastKnownFileType = sourcecode.c.objc; name = ILPong.m; path = Classes/ILPong.m; sourceTree = "<group>"; };
		52A9DF55104CFFB900440164 /* ILPong.h */ = {isa = PBXFileReference; fileEncoding = 4; lastKnownFileType = sourcecode.c.h; name = ILPong.h; path = Classes/ILPong.h; sourceTree = "<group>"; };
		52A9DF56104CFFB900440164 /* ILMSG_VesselData.m */ = {isa = PBXFileReference; fileEncoding = 4; lastKnownFileType = sourcecode.c.objc; name = ILMSG_VesselData.m; path = Classes/ILMSG_VesselData.m; sourceTree = "<group>"; };
		52A9DF57104CFFB900440164 /* ILItem.h */ = {isa = PBXFileReference; fileEncoding = 4; lastKnownFileType = sourcecode.c.h; name = ILItem.h; path = Classes/ILItem.h; sourceTree = "<group>"; };
		52A9DF58104CFFB900440164 /* ILMSG_ServiceRequest.m */ = {isa = PBXFileReference; fileEncoding = 4; lastKnownFileType = sourcecode.c.objc; name = ILMSG_ServiceRequest.m; path = Classes/ILMSG_ServiceRequest.m; sourceTree = "<group>"; };
		52A9DF59104CFFB900440164 /* ILArea.m */ = {isa = PBXFileReference; fileEncoding = 4; lastKnownFileType = sourcecode.c.objc; name = ILArea.m; path = Classes/ILArea.m; sourceTree = "<group>"; };
		52A9DF5A104CFFB900440164 /* ILBody.m */ = {isa = PBXFileReference; fileEncoding = 4; lastKnownFileType = sourcecode.c.objc; name = ILBody.m; path = Classes/ILBody.m; sourceTree = "<group>"; };
		52A9DF5B104CFFB900440164 /* ILObject.m */ = {isa = PBXFileReference; fileEncoding = 4; lastKnownFileType = sourcecode.c.objc; name = ILObject.m; path = Classes/ILObject.m; sourceTree = "<group>"; };
		52A9DF5C104CFFB900440164 /* ILObject.h */ = {isa = PBXFileReference; fileEncoding = 4; lastKnownFileType = sourcecode.c.h; name = ILObject.h; path = Classes/ILObject.h; sourceTree = "<group>"; };
		52A9DF5D104CFFB900440164 /* ILHeader.m */ = {isa = PBXFileReference; fileEncoding = 4; lastKnownFileType = sourcecode.c.objc; name = ILHeader.m; path = Classes/ILHeader.m; sourceTree = "<group>"; };
		52A9DF5E104CFFB900440164 /* ILBody.h */ = {isa = PBXFileReference; fileEncoding = 4; lastKnownFileType = sourcecode.c.h; name = ILBody.h; path = Classes/ILBody.h; sourceTree = "<group>"; };
		52A9DF5F104CFFB900440164 /* ILHeader.h */ = {isa = PBXFileReference; fileEncoding = 4; lastKnownFileType = sourcecode.c.h; name = ILHeader.h; path = Classes/ILHeader.h; sourceTree = "<group>"; };
		52A9DF60104CFFB900440164 /* ILArea.h */ = {isa = PBXFileReference; fileEncoding = 4; lastKnownFileType = sourcecode.c.h; name = ILArea.h; path = Classes/ILArea.h; sourceTree = "<group>"; };
		52C64C1C10A1E62F0085A2A5 /* ILTaggedItem.h */ = {isa = PBXFileReference; fileEncoding = 4; lastKnownFileType = sourcecode.c.h; name = ILTaggedItem.h; path = Classes/ILTaggedItem.h; sourceTree = "<group>"; };
		52C64C1D10A1E62F0085A2A5 /* ILTaggedItem.m */ = {isa = PBXFileReference; fileEncoding = 4; lastKnownFileType = sourcecode.c.objc; name = ILTaggedItem.m; path = Classes/ILTaggedItem.m; sourceTree = "<group>"; };
		8DC2EF5A0486A6940098B216 /* Info.plist */ = {isa = PBXFileReference; fileEncoding = 4; lastKnownFileType = text.plist.xml; path = Info.plist; sourceTree = "<group>"; };
		8DC2EF5B0486A6940098B216 /* IVEF.framework */ = {isa = PBXFileReference; explicitFileType = wrapper.framework; includeInIndex = 0; path = IVEF.framework; sourceTree = BUILT_PRODUCTS_DIR; };
		D2F7E79907B2D74100F64583 /* CoreData.framework */ = {isa = PBXFileReference; lastKnownFileType = wrapper.framework; name = CoreData.framework; path = /System/Library/Frameworks/CoreData.framework; sourceTree = "<absolute>"; };
/* End PBXFileReference section */

/* Begin PBXFrameworksBuildPhase section */
		8DC2EF560486A6940098B216 /* Frameworks */ = {
			isa = PBXFrameworksBuildPhase;
			buildActionMask = 2147483647;
			files = (
				8DC2EF570486A6940098B216 /* Cocoa.framework in Frameworks */,
			);
			runOnlyForDeploymentPostprocessing = 0;
		};
/* End PBXFrameworksBuildPhase section */

/* Begin PBXGroup section */
		034768DFFF38A50411DB9C8B /* Products */ = {
			isa = PBXGroup;
			children = (
				8DC2EF5B0486A6940098B216 /* IVEF.framework */,
			);
			name = Products;
			sourceTree = "<group>";
		};
		0867D691FE84028FC02AAC07 /* IVEF */ = {
			isa = PBXGroup;
			children = (
				08FB77AEFE84172EC02AAC07 /* Classes */,
				32C88DFF0371C24200C91783 /* Other Sources */,
				089C1665FE841158C02AAC07 /* Resources */,
				0867D69AFE84028FC02AAC07 /* External Frameworks and Libraries */,
				034768DFFF38A50411DB9C8B /* Products */,
			);
			name = IVEF;
			sourceTree = "<group>";
		};
		0867D69AFE84028FC02AAC07 /* External Frameworks and Libraries */ = {
			isa = PBXGroup;
			children = (
				1058C7B0FEA5585E11CA2CBB /* Linked Frameworks */,
				1058C7B2FEA5585E11CA2CBB /* Other Frameworks */,
			);
			name = "External Frameworks and Libraries";
			sourceTree = "<group>";
		};
		089C1665FE841158C02AAC07 /* Resources */ = {
			isa = PBXGroup;
			children = (
				8DC2EF5A0486A6940098B216 /* Info.plist */,
				089C1666FE841158C02AAC07 /* InfoPlist.strings */,
			);
			name = Resources;
			sourceTree = "<group>";
		};
		08FB77AEFE84172EC02AAC07 /* Classes */ = {
			isa = PBXGroup;
			children = (
				52C64C1C10A1E62F0085A2A5 /* ILTaggedItem.h */,
				52C64C1D10A1E62F0085A2A5 /* ILTaggedItem.m */,
				52A9DF27104CFFB900440164 /* ILVoyage.m */,
				52A9DF28104CFFB900440164 /* ILVoyage.h */,
				52A9DF29104CFFB900440164 /* ILVesselData.m */,
				52A9DF2A104CFFB900440164 /* ILVesselData.h */,
				52A9DF2B104CFFB900440164 /* ILTransmission.m */,
				52A9DF2C104CFFB900440164 /* ILTransmission.h */,
				52A9DF2D104CFFB900440164 /* ILStaticData.m */,
				52A9DF2E104CFFB900440164 /* ILStaticData.h */,
				52A9DF2F104CFFB900440164 /* ILServiceRequest.m */,
				52A9DF30104CFFB900440164 /* ILServiceRequest.h */,
				52A9DF31104CFFB900440164 /* ILServerStatus.m */,
				52A9DF32104CFFB900440164 /* ILItem.m */,
				52A9DF33104CFFB900440164 /* ILMSG_LoginRequest.m */,
				52A9DF34104CFFB900440164 /* ILMSG_Pong.h */,
				52A9DF35104CFFB900440164 /* ILMSG_LoginRequest.h */,
				52A9DF36104CFFB900440164 /* ILLogout.h */,
				52A9DF37104CFFB900440164 /* ILMSG_Ping.m */,
				52A9DF38104CFFB900440164 /* ILMSG_ServiceRequest.h */,
				52A9DF39104CFFB900440164 /* ILMSG_Ping.h */,
				52A9DF3A104CFFB900440164 /* ILMSG_ServerStatus.h */,
				52A9DF3B104CFFB900440164 /* ILLoginResponse.m */,
				52A9DF3C104CFFB900440164 /* ILLogout.m */,
				52A9DF3D104CFFB900440164 /* ILPos.m */,
				52A9DF3E104CFFB900440164 /* ILPos.h */,
				52A9DF3F104CFFB900440164 /* ILLoginRequest.m */,
				52A9DF40104CFFB900440164 /* ILLoginResponse.h */,
				52A9DF41104CFFB900440164 /* ILMSG_Logout.m */,
				52A9DF42104CFFB900440164 /* ILMSG_Logout.h */,
				52A9DF43104CFFB900440164 /* ILMSG_LoginResponse.m */,
				52A9DF44104CFFB900440164 /* ILPing.m */,
				52A9DF45104CFFB900440164 /* ILPing.h */,
				52A9DF46104CFFB900440164 /* ILMSG_LoginResponse.h */,
				52A9DF47104CFFB900440164 /* ILMSG_ServerStatus.m */,
				52A9DF48104CFFB900440164 /* ILMSG_VesselData.h */,
				52A9DF49104CFFB900440164 /* ILParser.m */,
				52A9DF4A104CFFB900440164 /* ILParser.h */,
				52A9DF4B104CFFB900440164 /* ILMSG_Pong.m */,
				52A9DF4C104CFFB900440164 /* ILPosReport.m */,
				52A9DF4D104CFFB900440164 /* ILPosReport.h */,
				52A9DF4E104CFFB900440164 /* ILSchema.m */,
				52A9DF4F104CFFB900440164 /* ILSchema.h */,
				52A9DF50104CFFB900440164 /* ILServerStatus.h */,
				52A9DF51104CFFB900440164 /* ILSensor.m */,
				52A9DF52104CFFB900440164 /* ILSensor.h */,
				52A9DF53104CFFB900440164 /* ILLoginRequest.h */,
				52A9DF54104CFFB900440164 /* ILPong.m */,
				52A9DF55104CFFB900440164 /* ILPong.h */,
				52A9DF56104CFFB900440164 /* ILMSG_VesselData.m */,
				52A9DF57104CFFB900440164 /* ILItem.h */,
				52A9DF58104CFFB900440164 /* ILMSG_ServiceRequest.m */,
				52A9DF59104CFFB900440164 /* ILArea.m */,
				52A9DF5A104CFFB900440164 /* ILBody.m */,
				52A9DF5B104CFFB900440164 /* ILObject.m */,
				52A9DF5C104CFFB900440164 /* ILObject.h */,
				52A9DF5D104CFFB900440164 /* ILHeader.m */,
				52A9DF5E104CFFB900440164 /* ILBody.h */,
				52A9DF5F104CFFB900440164 /* ILHeader.h */,
				52A9DF60104CFFB900440164 /* ILArea.h */,
			);
			name = Classes;
			sourceTree = "<group>";
		};
		1058C7B0FEA5585E11CA2CBB /* Linked Frameworks */ = {
			isa = PBXGroup;
			children = (
				1058C7B1FEA5585E11CA2CBB /* Cocoa.framework */,
			);
			name = "Linked Frameworks";
			sourceTree = "<group>";
		};
		1058C7B2FEA5585E11CA2CBB /* Other Frameworks */ = {
			isa = PBXGroup;
			children = (
				0867D6A5FE840307C02AAC07 /* AppKit.framework */,
				D2F7E79907B2D74100F64583 /* CoreData.framework */,
				0867D69BFE84028FC02AAC07 /* Foundation.framework */,
			);
			name = "Other Frameworks";
			sourceTree = "<group>";
		};
		32C88DFF0371C24200C91783 /* Other Sources */ = {
			isa = PBXGroup;
			children = (
				32DBCF5E0370ADEE00C91783 /* IVEF_Prefix.pch */,
			);
			name = "Other Sources";
			sourceTree = "<group>";
		};
/* End PBXGroup section */

/* Begin PBXHeadersBuildPhase section */
		8DC2EF500486A6940098B216 /* Headers */ = {
			isa = PBXHeadersBuildPhase;
			buildActionMask = 2147483647;
			files = (
				52A9DF62104CFFB900440164 /* ILVoyage.h in Headers */,
				52A9DF64104CFFB900440164 /* ILVesselData.h in Headers */,
				52A9DF66104CFFB900440164 /* ILTransmission.h in Headers */,
				52A9DF68104CFFB900440164 /* ILStaticData.h in Headers */,
				52A9DF6A104CFFB900440164 /* ILServiceRequest.h in Headers */,
				52A9DF6E104CFFB900440164 /* ILMSG_Pong.h in Headers */,
				52A9DF6F104CFFB900440164 /* ILMSG_LoginRequest.h in Headers */,
				52A9DF70104CFFB900440164 /* ILLogout.h in Headers */,
				52A9DF72104CFFB900440164 /* ILMSG_ServiceRequest.h in Headers */,
				52A9DF73104CFFB900440164 /* ILMSG_Ping.h in Headers */,
				52A9DF74104CFFB900440164 /* ILMSG_ServerStatus.h in Headers */,
				52A9DF78104CFFB900440164 /* ILPos.h in Headers */,
				52A9DF7A104CFFB900440164 /* ILLoginResponse.h in Headers */,
				52A9DF7C104CFFB900440164 /* ILMSG_Logout.h in Headers */,
				52A9DF7F104CFFB900440164 /* ILPing.h in Headers */,
				52A9DF80104CFFB900440164 /* ILMSG_LoginResponse.h in Headers */,
				52A9DF82104CFFB900440164 /* ILMSG_VesselData.h in Headers */,
				52A9DF84104CFFB900440164 /* ILParser.h in Headers */,
				52A9DF87104CFFB900440164 /* ILPosReport.h in Headers */,
				52A9DF89104CFFB900440164 /* ILSchema.h in Headers */,
				52A9DF8A104CFFB900440164 /* ILServerStatus.h in Headers */,
				52A9DF8C104CFFB900440164 /* ILSensor.h in Headers */,
				52A9DF8D104CFFB900440164 /* ILLoginRequest.h in Headers */,
				52A9DF8F104CFFB900440164 /* ILPong.h in Headers */,
				52A9DF91104CFFB900440164 /* ILItem.h in Headers */,
				52A9DF96104CFFB900440164 /* ILObject.h in Headers */,
				52A9DF98104CFFB900440164 /* ILBody.h in Headers */,
				52A9DF99104CFFB900440164 /* ILHeader.h in Headers */,
				52A9DF9A104CFFB900440164 /* ILArea.h in Headers */,
				52C64C1E10A1E62F0085A2A5 /* ILTaggedItem.h in Headers */,
			);
			runOnlyForDeploymentPostprocessing = 0;
		};
/* End PBXHeadersBuildPhase section */

/* Begin PBXNativeTarget section */
		8DC2EF4F0486A6940098B216 /* IVEF */ = {
			isa = PBXNativeTarget;
			buildConfigurationList = 1DEB91AD08733DA50010E9CD /* Build configuration list for PBXNativeTarget "IVEF" */;
			buildPhases = (
				8DC2EF500486A6940098B216 /* Headers */,
				8DC2EF520486A6940098B216 /* Resources */,
				8DC2EF540486A6940098B216 /* Sources */,
				8DC2EF560486A6940098B216 /* Frameworks */,
				52FF74581173B78E001A1783 /* ShellScript */,
			);
			buildRules = (
			);
			dependencies = (
			);
			name = IVEF;
			productInstallPath = "$(HOME)/Library/Frameworks";
			productName = IVEF;
			productReference = 8DC2EF5B0486A6940098B216 /* IVEF.framework */;
			productType = "com.apple.product-type.framework";
		};
/* End PBXNativeTarget section */

/* Begin PBXProject section */
		0867D690FE84028FC02AAC07 /* Project object */ = {
			isa = PBXProject;
			buildConfigurationList = 1DEB91B108733DA50010E9CD /* Build configuration list for PBXProject "IVEF" */;
			compatibilityVersion = "Xcode 3.1";
			hasScannedForEncodings = 1;
			mainGroup = 0867D691FE84028FC02AAC07 /* IVEF */;
			productRefGroup = 034768DFFF38A50411DB9C8B /* Products */;
			projectDirPath = "";
			projectRoot = "";
			targets = (
				8DC2EF4F0486A6940098B216 /* IVEF */,
			);
		};
/* End PBXProject section */

/* Begin PBXResourcesBuildPhase section */
		8DC2EF520486A6940098B216 /* Resources */ = {
			isa = PBXResourcesBuildPhase;
			buildActionMask = 2147483647;
			files = (
				8DC2EF530486A6940098B216 /* InfoPlist.strings in Resources */,
			);
			runOnlyForDeploymentPostprocessing = 0;
		};
/* End PBXResourcesBuildPhase section */

/* Begin PBXShellScriptBuildPhase section */
		52FF74581173B78E001A1783 /* ShellScript */ = {
			isa = PBXShellScriptBuildPhase;
			buildActionMask = 12;
			files = (
			);
			inputPaths = (
			);
			outputPaths = (
			);
			runOnlyForDeploymentPostprocessing = 0;
			shellPath = /bin/sh;
			shellScript = "rm -Rf ${INSTALL_PATH}/${EXECUTABLE_NAME}.framework\ncp -R ${BUILT_PRODUCTS_DIR}/${EXECUTABLE_NAME}.framework ${INSTALL_PATH}/${EXECUTABLE_NAME}.framework";
			showEnvVarsInLog = 0;
		};
/* End PBXShellScriptBuildPhase section */

/* Begin PBXSourcesBuildPhase section */
		8DC2EF540486A6940098B216 /* Sources */ = {
			isa = PBXSourcesBuildPhase;
			buildActionMask = 2147483647;
			files = (
				52A9DF61104CFFB900440164 /* ILVoyage.m in Sources */,
				52A9DF63104CFFB900440164 /* ILVesselData.m in Sources */,
				52A9DF65104CFFB900440164 /* ILTransmission.m in Sources */,
				52A9DF67104CFFB900440164 /* ILStaticData.m in Sources */,
				52A9DF69104CFFB900440164 /* ILServiceRequest.m in Sources */,
				52A9DF6B104CFFB900440164 /* ILServerStatus.m in Sources */,
				52A9DF6C104CFFB900440164 /* ILItem.m in Sources */,
				52A9DF6D104CFFB900440164 /* ILMSG_LoginRequest.m in Sources */,
				52A9DF71104CFFB900440164 /* ILMSG_Ping.m in Sources */,
				52A9DF75104CFFB900440164 /* ILLoginResponse.m in Sources */,
				52A9DF76104CFFB900440164 /* ILLogout.m in Sources */,
				52A9DF77104CFFB900440164 /* ILPos.m in Sources */,
				52A9DF79104CFFB900440164 /* ILLoginRequest.m in Sources */,
				52A9DF7B104CFFB900440164 /* ILMSG_Logout.m in Sources */,
				52A9DF7D104CFFB900440164 /* ILMSG_LoginResponse.m in Sources */,
				52A9DF7E104CFFB900440164 /* ILPing.m in Sources */,
				52A9DF81104CFFB900440164 /* ILMSG_ServerStatus.m in Sources */,
				52A9DF83104CFFB900440164 /* ILParser.m in Sources */,
				52A9DF85104CFFB900440164 /* ILMSG_Pong.m in Sources */,
				52A9DF86104CFFB900440164 /* ILPosReport.m in Sources */,
				52A9DF88104CFFB900440164 /* ILSchema.m in Sources */,
				52A9DF8B104CFFB900440164 /* ILSensor.m in Sources */,
				52A9DF8E104CFFB900440164 /* ILPong.m in Sources */,
				52A9DF90104CFFB900440164 /* ILMSG_VesselData.m in Sources */,
				52A9DF92104CFFB900440164 /* ILMSG_ServiceRequest.m in Sources */,
				52A9DF93104CFFB900440164 /* ILArea.m in Sources */,
				52A9DF94104CFFB900440164 /* ILBody.m in Sources */,
				52A9DF95104CFFB900440164 /* ILObject.m in Sources */,
				52A9DF97104CFFB900440164 /* ILHeader.m in Sources */,
				52C64C1F10A1E62F0085A2A5 /* ILTaggedItem.m in Sources */,
			);
			runOnlyForDeploymentPostprocessing = 0;
		};
/* End PBXSourcesBuildPhase section */

/* Begin PBXVariantGroup section */
		089C1666FE841158C02AAC07 /* InfoPlist.strings */ = {
			isa = PBXVariantGroup;
			children = (
				089C1667FE841158C02AAC07 /* English */,
			);
			name = InfoPlist.strings;
			sourceTree = "<group>";
		};
/* End PBXVariantGroup section */

/* Begin XCBuildConfiguration section */
		1DEB91AE08733DA50010E9CD /* Debug */ = {
			isa = XCBuildConfiguration;
			buildSettings = {
				ALWAYS_SEARCH_USER_PATHS = NO;
				COPY_PHASE_STRIP = NO;
				DYLIB_COMPATIBILITY_VERSION = 1;
				DYLIB_CURRENT_VERSION = 1;
				FRAMEWORK_VERSION = A;
				GCC_DYNAMIC_NO_PIC = NO;
				GCC_ENABLE_FIX_AND_CONTINUE = YES;
				GCC_MODEL_TUNING = G5;
				GCC_OPTIMIZATION_LEVEL = 0;
				GCC_PRECOMPILE_PREFIX_HEADER = YES;
				GCC_PREFIX_HEADER = IVEF_Prefix.pch;
				INFOPLIST_FILE = Info.plist;
				INSTALL_PATH = "$(HOME)/Library/Frameworks";
				PRODUCT_NAME = IVEF;
				WRAPPER_EXTENSION = framework;
			};
			name = Debug;
		};
		1DEB91AF08733DA50010E9CD /* Release */ = {
			isa = XCBuildConfiguration;
			buildSettings = {
				ALWAYS_SEARCH_USER_PATHS = NO;
				DEBUG_INFORMATION_FORMAT = "dwarf-with-dsym";
				DYLIB_COMPATIBILITY_VERSION = 1;
				DYLIB_CURRENT_VERSION = 1;
				FRAMEWORK_VERSION = A;
				GCC_MODEL_TUNING = G5;
				GCC_PRECOMPILE_PREFIX_HEADER = YES;
				GCC_PREFIX_HEADER = IVEF_Prefix.pch;
				INFOPLIST_FILE = Info.plist;
				INSTALL_PATH = "$(HOME)/Library/Frameworks";
				PRODUCT_NAME = IVEF;
				WRAPPER_EXTENSION = framework;
			};
			name = Release;
		};
		1DEB91B208733DA50010E9CD /* Debug */ = {
			isa = XCBuildConfiguration;
			buildSettings = {
				ARCHS = "$(ARCHS_STANDARD_32_64_BIT)";
				GCC_C_LANGUAGE_STANDARD = c99;
				GCC_OPTIMIZATION_LEVEL = 0;
				GCC_WARN_ABOUT_RETURN_TYPE = YES;
				GCC_WARN_UNUSED_VARIABLE = NO;
				ONLY_ACTIVE_ARCH = YES;
				PREBINDING = NO;
				SDKROOT = macosx10.5;
			};
			name = Debug;
		};
		1DEB91B308733DA50010E9CD /* Release */ = {
			isa = XCBuildConfiguration;
			buildSettings = {
				ARCHS = "$(ARCHS_STANDARD_32_64_BIT)";
				GCC_C_LANGUAGE_STANDARD = c99;
				GCC_WARN_ABOUT_RETURN_TYPE = YES;
				GCC_WARN_UNUSED_VARIABLE = YES;
				ONLY_ACTIVE_ARCH = YES;
				PREBINDING = NO;
				SDKROOT = macosx10.6;
			};
			name = Release;
		};
/* End XCBuildConfiguration section */

/* Begin XCConfigurationList section */
		1DEB91AD08733DA50010E9CD /* Build configuration list for PBXNativeTarget "IVEF" */ = {
			isa = XCConfigurationList;
			buildConfigurations = (
				1DEB91AE08733DA50010E9CD /* Debug */,
				1DEB91AF08733DA50010E9CD /* Release */,
			);
			defaultConfigurationIsVisible = 0;
			defaultConfigurationName = Release;
		};
		1DEB91B108733DA50010E9CD /* Build configuration list for PBXProject "IVEF" */ = {
			isa = XCConfigurationList;
			buildConfigurations = (
				1DEB91B208733DA50010E9CD /* Debug */,
				1DEB91B308733DA50010E9CD /* Release */,
			);
			defaultConfigurationIsVisible = 0;
			defaultConfigurationName = Release;
		};
/* End XCConfigurationList section */
	};
	rootObject = 0867D690FE84028FC02AAC07 /* Project object */;
}
