// !$*UTF8*$!
{
	archiveVersion = 1;
	classes = {
	};
	objectVersion = 45;
	objects = {

/* Begin PBXBuildFile section */
		52D1F8860E56040100F50B92 /* IVEFVoyage.m in Sources */ = {isa = PBXBuildFile; fileRef = 52D1F84E0E5603FE00F50B92 /* IVEFVoyage.m */; };
		52D1F8870E56040100F50B92 /* IVEFVoyage.h in Headers */ = {isa = PBXBuildFile; fileRef = 52D1F84F0E5603FE00F50B92 /* IVEFVoyage.h */; };
		52D1F8880E56040100F50B92 /* IVEFVesselData.m in Sources */ = {isa = PBXBuildFile; fileRef = 52D1F8500E5603FE00F50B92 /* IVEFVesselData.m */; };
		52D1F8890E56040100F50B92 /* IVEFVesselData.h in Headers */ = {isa = PBXBuildFile; fileRef = 52D1F8510E5603FE00F50B92 /* IVEFVesselData.h */; };
		52D1F88A0E56040100F50B92 /* IVEFTransmission.m in Sources */ = {isa = PBXBuildFile; fileRef = 52D1F8520E5603FE00F50B92 /* IVEFTransmission.m */; };
		52D1F88B0E56040100F50B92 /* IVEFTransmission.h in Headers */ = {isa = PBXBuildFile; fileRef = 52D1F8530E5603FF00F50B92 /* IVEFTransmission.h */; };
		52D1F88C0E56040100F50B92 /* IVEFStaticData.m in Sources */ = {isa = PBXBuildFile; fileRef = 52D1F8540E5603FF00F50B92 /* IVEFStaticData.m */; };
		52D1F88D0E56040100F50B92 /* IVEFStaticData.h in Headers */ = {isa = PBXBuildFile; fileRef = 52D1F8550E5603FF00F50B92 /* IVEFStaticData.h */; };
		52D1F88E0E56040100F50B92 /* IVEFServiceRequest.m in Sources */ = {isa = PBXBuildFile; fileRef = 52D1F8560E5603FF00F50B92 /* IVEFServiceRequest.m */; };
		52D1F88F0E56040100F50B92 /* IVEFServiceRequest.h in Headers */ = {isa = PBXBuildFile; fileRef = 52D1F8570E5603FF00F50B92 /* IVEFServiceRequest.h */; };
		52D1F8900E56040100F50B92 /* IVEFServerStatus.m in Sources */ = {isa = PBXBuildFile; fileRef = 52D1F8580E5603FF00F50B92 /* IVEFServerStatus.m */; };
		52D1F8910E56040100F50B92 /* IVEFServerStatus.h in Headers */ = {isa = PBXBuildFile; fileRef = 52D1F8590E5603FF00F50B92 /* IVEFServerStatus.h */; };
		52D1F8920E56040100F50B92 /* IVEFSchema.m in Sources */ = {isa = PBXBuildFile; fileRef = 52D1F85A0E5603FF00F50B92 /* IVEFSchema.m */; };
		52D1F8930E56040100F50B92 /* IVEFSchema.h in Headers */ = {isa = PBXBuildFile; fileRef = 52D1F85B0E5603FF00F50B92 /* IVEFSchema.h */; };
		52D1F8940E56040100F50B92 /* IVEFPosReport.m in Sources */ = {isa = PBXBuildFile; fileRef = 52D1F85C0E5603FF00F50B92 /* IVEFPosReport.m */; };
		52D1F8950E56040100F50B92 /* IVEFPosReport.h in Headers */ = {isa = PBXBuildFile; fileRef = 52D1F85D0E5603FF00F50B92 /* IVEFPosReport.h */; };
		52D1F8960E56040100F50B92 /* IVEFPos.m in Sources */ = {isa = PBXBuildFile; fileRef = 52D1F85E0E5603FF00F50B92 /* IVEFPos.m */; };
		52D1F8970E56040100F50B92 /* IVEFPos.h in Headers */ = {isa = PBXBuildFile; fileRef = 52D1F85F0E5603FF00F50B92 /* IVEFPos.h */; };
		52D1F8980E56040100F50B92 /* IVEFPong.m in Sources */ = {isa = PBXBuildFile; fileRef = 52D1F8600E5603FF00F50B92 /* IVEFPong.m */; };
		52D1F8990E56040100F50B92 /* IVEFPong.h in Headers */ = {isa = PBXBuildFile; fileRef = 52D1F8610E5603FF00F50B92 /* IVEFPong.h */; };
		52D1F89A0E56040100F50B92 /* IVEFPing.m in Sources */ = {isa = PBXBuildFile; fileRef = 52D1F8620E5603FF00F50B92 /* IVEFPing.m */; };
		52D1F89B0E56040100F50B92 /* IVEFPing.h in Headers */ = {isa = PBXBuildFile; fileRef = 52D1F8630E5603FF00F50B92 /* IVEFPing.h */; };
		52D1F89C0E56040100F50B92 /* IVEFParser.m in Sources */ = {isa = PBXBuildFile; fileRef = 52D1F8640E5603FF00F50B92 /* IVEFParser.m */; };
		52D1F89D0E56040100F50B92 /* IVEFParser.h in Headers */ = {isa = PBXBuildFile; fileRef = 52D1F8650E5603FF00F50B92 /* IVEFParser.h */; };
		52D1F89E0E56040100F50B92 /* IVEFObject.m in Sources */ = {isa = PBXBuildFile; fileRef = 52D1F8660E5603FF00F50B92 /* IVEFObject.m */; };
		52D1F89F0E56040100F50B92 /* IVEFObject.h in Headers */ = {isa = PBXBuildFile; fileRef = 52D1F8670E5603FF00F50B92 /* IVEFObject.h */; };
		52D1F8A00E56040100F50B92 /* IVEFMSG_VesselData.m in Sources */ = {isa = PBXBuildFile; fileRef = 52D1F8680E5603FF00F50B92 /* IVEFMSG_VesselData.m */; };
		52D1F8A10E56040100F50B92 /* IVEFMSG_VesselData.h in Headers */ = {isa = PBXBuildFile; fileRef = 52D1F8690E5603FF00F50B92 /* IVEFMSG_VesselData.h */; };
		52D1F8A20E56040100F50B92 /* IVEFMSG_ServiceRequest.m in Sources */ = {isa = PBXBuildFile; fileRef = 52D1F86A0E5603FF00F50B92 /* IVEFMSG_ServiceRequest.m */; };
		52D1F8A30E56040100F50B92 /* IVEFMSG_ServiceRequest.h in Headers */ = {isa = PBXBuildFile; fileRef = 52D1F86B0E5603FF00F50B92 /* IVEFMSG_ServiceRequest.h */; };
		52D1F8A40E56040100F50B92 /* IVEFMSG_ServerStatus.m in Sources */ = {isa = PBXBuildFile; fileRef = 52D1F86C0E56040000F50B92 /* IVEFMSG_ServerStatus.m */; };
		52D1F8A50E56040100F50B92 /* IVEFMSG_ServerStatus.h in Headers */ = {isa = PBXBuildFile; fileRef = 52D1F86D0E56040000F50B92 /* IVEFMSG_ServerStatus.h */; };
		52D1F8A60E56040100F50B92 /* IVEFMSG_Pong.m in Sources */ = {isa = PBXBuildFile; fileRef = 52D1F86E0E56040000F50B92 /* IVEFMSG_Pong.m */; };
		52D1F8A70E56040100F50B92 /* IVEFMSG_Pong.h in Headers */ = {isa = PBXBuildFile; fileRef = 52D1F86F0E56040000F50B92 /* IVEFMSG_Pong.h */; };
		52D1F8A80E56040100F50B92 /* IVEFMSG_Ping.m in Sources */ = {isa = PBXBuildFile; fileRef = 52D1F8700E56040000F50B92 /* IVEFMSG_Ping.m */; };
		52D1F8A90E56040100F50B92 /* IVEFMSG_Ping.h in Headers */ = {isa = PBXBuildFile; fileRef = 52D1F8710E56040000F50B92 /* IVEFMSG_Ping.h */; };
		52D1F8AA0E56040100F50B92 /* IVEFMSG_Logout.m in Sources */ = {isa = PBXBuildFile; fileRef = 52D1F8720E56040000F50B92 /* IVEFMSG_Logout.m */; };
		52D1F8AB0E56040100F50B92 /* IVEFMSG_Logout.h in Headers */ = {isa = PBXBuildFile; fileRef = 52D1F8730E56040000F50B92 /* IVEFMSG_Logout.h */; };
		52D1F8AC0E56040100F50B92 /* IVEFMSG_LoginResponse.m in Sources */ = {isa = PBXBuildFile; fileRef = 52D1F8740E56040000F50B92 /* IVEFMSG_LoginResponse.m */; };
		52D1F8AD0E56040100F50B92 /* IVEFMSG_LoginResponse.h in Headers */ = {isa = PBXBuildFile; fileRef = 52D1F8750E56040000F50B92 /* IVEFMSG_LoginResponse.h */; };
		52D1F8AE0E56040100F50B92 /* IVEFMSG_LoginRequest.m in Sources */ = {isa = PBXBuildFile; fileRef = 52D1F8760E56040000F50B92 /* IVEFMSG_LoginRequest.m */; };
		52D1F8AF0E56040100F50B92 /* IVEFMSG_LoginRequest.h in Headers */ = {isa = PBXBuildFile; fileRef = 52D1F8770E56040000F50B92 /* IVEFMSG_LoginRequest.h */; };
		52D1F8B00E56040100F50B92 /* IVEFLogout.m in Sources */ = {isa = PBXBuildFile; fileRef = 52D1F8780E56040000F50B92 /* IVEFLogout.m */; };
		52D1F8B10E56040100F50B92 /* IVEFLogout.h in Headers */ = {isa = PBXBuildFile; fileRef = 52D1F8790E56040000F50B92 /* IVEFLogout.h */; };
		52D1F8B20E56040100F50B92 /* IVEFLoginResponse.m in Sources */ = {isa = PBXBuildFile; fileRef = 52D1F87A0E56040000F50B92 /* IVEFLoginResponse.m */; };
		52D1F8B30E56040100F50B92 /* IVEFLoginResponse.h in Headers */ = {isa = PBXBuildFile; fileRef = 52D1F87B0E56040000F50B92 /* IVEFLoginResponse.h */; };
		52D1F8B40E56040100F50B92 /* IVEFLoginRequest.m in Sources */ = {isa = PBXBuildFile; fileRef = 52D1F87C0E56040000F50B92 /* IVEFLoginRequest.m */; };
		52D1F8B50E56040100F50B92 /* IVEFLoginRequest.h in Headers */ = {isa = PBXBuildFile; fileRef = 52D1F87D0E56040000F50B92 /* IVEFLoginRequest.h */; };
		52D1F8B60E56040100F50B92 /* IVEFItem.m in Sources */ = {isa = PBXBuildFile; fileRef = 52D1F87E0E56040000F50B92 /* IVEFItem.m */; };
		52D1F8B70E56040100F50B92 /* IVEFItem.h in Headers */ = {isa = PBXBuildFile; fileRef = 52D1F87F0E56040000F50B92 /* IVEFItem.h */; };
		52D1F8B80E56040100F50B92 /* IVEFHeader.m in Sources */ = {isa = PBXBuildFile; fileRef = 52D1F8800E56040000F50B92 /* IVEFHeader.m */; };
		52D1F8B90E56040100F50B92 /* IVEFHeader.h in Headers */ = {isa = PBXBuildFile; fileRef = 52D1F8810E56040000F50B92 /* IVEFHeader.h */; };
		52D1F8BA0E56040100F50B92 /* IVEFBody.m in Sources */ = {isa = PBXBuildFile; fileRef = 52D1F8820E56040000F50B92 /* IVEFBody.m */; };
		52D1F8BB0E56040100F50B92 /* IVEFBody.h in Headers */ = {isa = PBXBuildFile; fileRef = 52D1F8830E56040000F50B92 /* IVEFBody.h */; };
		52D1F8BC0E56040100F50B92 /* IVEFArea.m in Sources */ = {isa = PBXBuildFile; fileRef = 52D1F8840E56040100F50B92 /* IVEFArea.m */; };
		52D1F8BD0E56040100F50B92 /* IVEFArea.h in Headers */ = {isa = PBXBuildFile; fileRef = 52D1F8850E56040100F50B92 /* IVEFArea.h */; };
		8DC2EF530486A6940098B216 /* InfoPlist.strings in Resources */ = {isa = PBXBuildFile; fileRef = 089C1666FE841158C02AAC07 /* InfoPlist.strings */; };
		8DC2EF570486A6940098B216 /* Cocoa.framework in Frameworks */ = {isa = PBXBuildFile; fileRef = 1058C7B1FEA5585E11CA2CBB /* Cocoa.framework */; };
/* End PBXBuildFile section */

/* Begin PBXFileReference section */
		0867D69BFE84028FC02AAC07 /* Foundation.framework */ = {isa = PBXFileReference; lastKnownFileType = wrapper.framework; name = Foundation.framework; path = /System/Library/Frameworks/Foundation.framework; sourceTree = "<absolute>"; };
		0867D6A5FE840307C02AAC07 /* AppKit.framework */ = {isa = PBXFileReference; lastKnownFileType = wrapper.framework; name = AppKit.framework; path = /System/Library/Frameworks/AppKit.framework; sourceTree = "<absolute>"; };
		089C1667FE841158C02AAC07 /* English */ = {isa = PBXFileReference; fileEncoding = 10; lastKnownFileType = text.plist.strings; name = English; path = English.lproj/InfoPlist.strings; sourceTree = "<group>"; };
		1058C7B1FEA5585E11CA2CBB /* Cocoa.framework */ = {isa = PBXFileReference; lastKnownFileType = wrapper.framework; name = Cocoa.framework; path = /System/Library/Frameworks/Cocoa.framework; sourceTree = "<absolute>"; };
		32DBCF5E0370ADEE00C91783 /* IVEF_Prefix.pch */ = {isa = PBXFileReference; fileEncoding = 4; lastKnownFileType = sourcecode.c.h; path = IVEF_Prefix.pch; sourceTree = "<group>"; };
		52D1F84E0E5603FE00F50B92 /* IVEFVoyage.m */ = {isa = PBXFileReference; fileEncoding = 4; lastKnownFileType = sourcecode.c.objc; name = IVEFVoyage.m; path = Classes/IVEFVoyage.m; sourceTree = "<group>"; };
		52D1F84F0E5603FE00F50B92 /* IVEFVoyage.h */ = {isa = PBXFileReference; fileEncoding = 4; lastKnownFileType = sourcecode.c.h; name = IVEFVoyage.h; path = Classes/IVEFVoyage.h; sourceTree = "<group>"; };
		52D1F8500E5603FE00F50B92 /* IVEFVesselData.m */ = {isa = PBXFileReference; fileEncoding = 4; lastKnownFileType = sourcecode.c.objc; name = IVEFVesselData.m; path = Classes/IVEFVesselData.m; sourceTree = "<group>"; };
		52D1F8510E5603FE00F50B92 /* IVEFVesselData.h */ = {isa = PBXFileReference; fileEncoding = 4; lastKnownFileType = sourcecode.c.h; name = IVEFVesselData.h; path = Classes/IVEFVesselData.h; sourceTree = "<group>"; };
		52D1F8520E5603FE00F50B92 /* IVEFTransmission.m */ = {isa = PBXFileReference; fileEncoding = 4; lastKnownFileType = sourcecode.c.objc; name = IVEFTransmission.m; path = Classes/IVEFTransmission.m; sourceTree = "<group>"; };
		52D1F8530E5603FF00F50B92 /* IVEFTransmission.h */ = {isa = PBXFileReference; fileEncoding = 4; lastKnownFileType = sourcecode.c.h; name = IVEFTransmission.h; path = Classes/IVEFTransmission.h; sourceTree = "<group>"; };
		52D1F8540E5603FF00F50B92 /* IVEFStaticData.m */ = {isa = PBXFileReference; fileEncoding = 4; lastKnownFileType = sourcecode.c.objc; name = IVEFStaticData.m; path = Classes/IVEFStaticData.m; sourceTree = "<group>"; };
		52D1F8550E5603FF00F50B92 /* IVEFStaticData.h */ = {isa = PBXFileReference; fileEncoding = 4; lastKnownFileType = sourcecode.c.h; name = IVEFStaticData.h; path = Classes/IVEFStaticData.h; sourceTree = "<group>"; };
		52D1F8560E5603FF00F50B92 /* IVEFServiceRequest.m */ = {isa = PBXFileReference; fileEncoding = 4; lastKnownFileType = sourcecode.c.objc; name = IVEFServiceRequest.m; path = Classes/IVEFServiceRequest.m; sourceTree = "<group>"; };
		52D1F8570E5603FF00F50B92 /* IVEFServiceRequest.h */ = {isa = PBXFileReference; fileEncoding = 4; lastKnownFileType = sourcecode.c.h; name = IVEFServiceRequest.h; path = Classes/IVEFServiceRequest.h; sourceTree = "<group>"; };
		52D1F8580E5603FF00F50B92 /* IVEFServerStatus.m */ = {isa = PBXFileReference; fileEncoding = 4; lastKnownFileType = sourcecode.c.objc; name = IVEFServerStatus.m; path = Classes/IVEFServerStatus.m; sourceTree = "<group>"; };
		52D1F8590E5603FF00F50B92 /* IVEFServerStatus.h */ = {isa = PBXFileReference; fileEncoding = 4; lastKnownFileType = sourcecode.c.h; name = IVEFServerStatus.h; path = Classes/IVEFServerStatus.h; sourceTree = "<group>"; };
		52D1F85A0E5603FF00F50B92 /* IVEFSchema.m */ = {isa = PBXFileReference; fileEncoding = 4; lastKnownFileType = sourcecode.c.objc; name = IVEFSchema.m; path = Classes/IVEFSchema.m; sourceTree = "<group>"; };
		52D1F85B0E5603FF00F50B92 /* IVEFSchema.h */ = {isa = PBXFileReference; fileEncoding = 4; lastKnownFileType = sourcecode.c.h; name = IVEFSchema.h; path = Classes/IVEFSchema.h; sourceTree = "<group>"; };
		52D1F85C0E5603FF00F50B92 /* IVEFPosReport.m */ = {isa = PBXFileReference; fileEncoding = 4; lastKnownFileType = sourcecode.c.objc; name = IVEFPosReport.m; path = Classes/IVEFPosReport.m; sourceTree = "<group>"; };
		52D1F85D0E5603FF00F50B92 /* IVEFPosReport.h */ = {isa = PBXFileReference; fileEncoding = 4; lastKnownFileType = sourcecode.c.h; name = IVEFPosReport.h; path = Classes/IVEFPosReport.h; sourceTree = "<group>"; };
		52D1F85E0E5603FF00F50B92 /* IVEFPos.m */ = {isa = PBXFileReference; fileEncoding = 4; lastKnownFileType = sourcecode.c.objc; name = IVEFPos.m; path = Classes/IVEFPos.m; sourceTree = "<group>"; };
		52D1F85F0E5603FF00F50B92 /* IVEFPos.h */ = {isa = PBXFileReference; fileEncoding = 4; lastKnownFileType = sourcecode.c.h; name = IVEFPos.h; path = Classes/IVEFPos.h; sourceTree = "<group>"; };
		52D1F8600E5603FF00F50B92 /* IVEFPong.m */ = {isa = PBXFileReference; fileEncoding = 4; lastKnownFileType = sourcecode.c.objc; name = IVEFPong.m; path = Classes/IVEFPong.m; sourceTree = "<group>"; };
		52D1F8610E5603FF00F50B92 /* IVEFPong.h */ = {isa = PBXFileReference; fileEncoding = 4; lastKnownFileType = sourcecode.c.h; name = IVEFPong.h; path = Classes/IVEFPong.h; sourceTree = "<group>"; };
		52D1F8620E5603FF00F50B92 /* IVEFPing.m */ = {isa = PBXFileReference; fileEncoding = 4; lastKnownFileType = sourcecode.c.objc; name = IVEFPing.m; path = Classes/IVEFPing.m; sourceTree = "<group>"; };
		52D1F8630E5603FF00F50B92 /* IVEFPing.h */ = {isa = PBXFileReference; fileEncoding = 4; lastKnownFileType = sourcecode.c.h; name = IVEFPing.h; path = Classes/IVEFPing.h; sourceTree = "<group>"; };
		52D1F8640E5603FF00F50B92 /* IVEFParser.m */ = {isa = PBXFileReference; fileEncoding = 4; lastKnownFileType = sourcecode.c.objc; name = IVEFParser.m; path = Classes/IVEFParser.m; sourceTree = "<group>"; };
		52D1F8650E5603FF00F50B92 /* IVEFParser.h */ = {isa = PBXFileReference; fileEncoding = 4; lastKnownFileType = sourcecode.c.h; name = IVEFParser.h; path = Classes/IVEFParser.h; sourceTree = "<group>"; };
		52D1F8660E5603FF00F50B92 /* IVEFObject.m */ = {isa = PBXFileReference; fileEncoding = 4; lastKnownFileType = sourcecode.c.objc; name = IVEFObject.m; path = Classes/IVEFObject.m; sourceTree = "<group>"; };
		52D1F8670E5603FF00F50B92 /* IVEFObject.h */ = {isa = PBXFileReference; fileEncoding = 4; lastKnownFileType = sourcecode.c.h; name = IVEFObject.h; path = Classes/IVEFObject.h; sourceTree = "<group>"; };
		52D1F8680E5603FF00F50B92 /* IVEFMSG_VesselData.m */ = {isa = PBXFileReference; fileEncoding = 4; lastKnownFileType = sourcecode.c.objc; name = IVEFMSG_VesselData.m; path = Classes/IVEFMSG_VesselData.m; sourceTree = "<group>"; };
		52D1F8690E5603FF00F50B92 /* IVEFMSG_VesselData.h */ = {isa = PBXFileReference; fileEncoding = 4; lastKnownFileType = sourcecode.c.h; name = IVEFMSG_VesselData.h; path = Classes/IVEFMSG_VesselData.h; sourceTree = "<group>"; };
		52D1F86A0E5603FF00F50B92 /* IVEFMSG_ServiceRequest.m */ = {isa = PBXFileReference; fileEncoding = 4; lastKnownFileType = sourcecode.c.objc; name = IVEFMSG_ServiceRequest.m; path = Classes/IVEFMSG_ServiceRequest.m; sourceTree = "<group>"; };
		52D1F86B0E5603FF00F50B92 /* IVEFMSG_ServiceRequest.h */ = {isa = PBXFileReference; fileEncoding = 4; lastKnownFileType = sourcecode.c.h; name = IVEFMSG_ServiceRequest.h; path = Classes/IVEFMSG_ServiceRequest.h; sourceTree = "<group>"; };
		52D1F86C0E56040000F50B92 /* IVEFMSG_ServerStatus.m */ = {isa = PBXFileReference; fileEncoding = 4; lastKnownFileType = sourcecode.c.objc; name = IVEFMSG_ServerStatus.m; path = Classes/IVEFMSG_ServerStatus.m; sourceTree = "<group>"; };
		52D1F86D0E56040000F50B92 /* IVEFMSG_ServerStatus.h */ = {isa = PBXFileReference; fileEncoding = 4; lastKnownFileType = sourcecode.c.h; name = IVEFMSG_ServerStatus.h; path = Classes/IVEFMSG_ServerStatus.h; sourceTree = "<group>"; };
		52D1F86E0E56040000F50B92 /* IVEFMSG_Pong.m */ = {isa = PBXFileReference; fileEncoding = 4; lastKnownFileType = sourcecode.c.objc; name = IVEFMSG_Pong.m; path = Classes/IVEFMSG_Pong.m; sourceTree = "<group>"; };
		52D1F86F0E56040000F50B92 /* IVEFMSG_Pong.h */ = {isa = PBXFileReference; fileEncoding = 4; lastKnownFileType = sourcecode.c.h; name = IVEFMSG_Pong.h; path = Classes/IVEFMSG_Pong.h; sourceTree = "<group>"; };
		52D1F8700E56040000F50B92 /* IVEFMSG_Ping.m */ = {isa = PBXFileReference; fileEncoding = 4; lastKnownFileType = sourcecode.c.objc; name = IVEFMSG_Ping.m; path = Classes/IVEFMSG_Ping.m; sourceTree = "<group>"; };
		52D1F8710E56040000F50B92 /* IVEFMSG_Ping.h */ = {isa = PBXFileReference; fileEncoding = 4; lastKnownFileType = sourcecode.c.h; name = IVEFMSG_Ping.h; path = Classes/IVEFMSG_Ping.h; sourceTree = "<group>"; };
		52D1F8720E56040000F50B92 /* IVEFMSG_Logout.m */ = {isa = PBXFileReference; fileEncoding = 4; lastKnownFileType = sourcecode.c.objc; name = IVEFMSG_Logout.m; path = Classes/IVEFMSG_Logout.m; sourceTree = "<group>"; };
		52D1F8730E56040000F50B92 /* IVEFMSG_Logout.h */ = {isa = PBXFileReference; fileEncoding = 4; lastKnownFileType = sourcecode.c.h; name = IVEFMSG_Logout.h; path = Classes/IVEFMSG_Logout.h; sourceTree = "<group>"; };
		52D1F8740E56040000F50B92 /* IVEFMSG_LoginResponse.m */ = {isa = PBXFileReference; fileEncoding = 4; lastKnownFileType = sourcecode.c.objc; name = IVEFMSG_LoginResponse.m; path = Classes/IVEFMSG_LoginResponse.m; sourceTree = "<group>"; };
		52D1F8750E56040000F50B92 /* IVEFMSG_LoginResponse.h */ = {isa = PBXFileReference; fileEncoding = 4; lastKnownFileType = sourcecode.c.h; name = IVEFMSG_LoginResponse.h; path = Classes/IVEFMSG_LoginResponse.h; sourceTree = "<group>"; };
		52D1F8760E56040000F50B92 /* IVEFMSG_LoginRequest.m */ = {isa = PBXFileReference; fileEncoding = 4; lastKnownFileType = sourcecode.c.objc; name = IVEFMSG_LoginRequest.m; path = Classes/IVEFMSG_LoginRequest.m; sourceTree = "<group>"; };
		52D1F8770E56040000F50B92 /* IVEFMSG_LoginRequest.h */ = {isa = PBXFileReference; fileEncoding = 4; lastKnownFileType = sourcecode.c.h; name = IVEFMSG_LoginRequest.h; path = Classes/IVEFMSG_LoginRequest.h; sourceTree = "<group>"; };
		52D1F8780E56040000F50B92 /* IVEFLogout.m */ = {isa = PBXFileReference; fileEncoding = 4; lastKnownFileType = sourcecode.c.objc; name = IVEFLogout.m; path = Classes/IVEFLogout.m; sourceTree = "<group>"; };
		52D1F8790E56040000F50B92 /* IVEFLogout.h */ = {isa = PBXFileReference; fileEncoding = 4; lastKnownFileType = sourcecode.c.h; name = IVEFLogout.h; path = Classes/IVEFLogout.h; sourceTree = "<group>"; };
		52D1F87A0E56040000F50B92 /* IVEFLoginResponse.m */ = {isa = PBXFileReference; fileEncoding = 4; lastKnownFileType = sourcecode.c.objc; name = IVEFLoginResponse.m; path = Classes/IVEFLoginResponse.m; sourceTree = "<group>"; };
		52D1F87B0E56040000F50B92 /* IVEFLoginResponse.h */ = {isa = PBXFileReference; fileEncoding = 4; lastKnownFileType = sourcecode.c.h; name = IVEFLoginResponse.h; path = Classes/IVEFLoginResponse.h; sourceTree = "<group>"; };
		52D1F87C0E56040000F50B92 /* IVEFLoginRequest.m */ = {isa = PBXFileReference; fileEncoding = 4; lastKnownFileType = sourcecode.c.objc; name = IVEFLoginRequest.m; path = Classes/IVEFLoginRequest.m; sourceTree = "<group>"; };
		52D1F87D0E56040000F50B92 /* IVEFLoginRequest.h */ = {isa = PBXFileReference; fileEncoding = 4; lastKnownFileType = sourcecode.c.h; name = IVEFLoginRequest.h; path = Classes/IVEFLoginRequest.h; sourceTree = "<group>"; };
		52D1F87E0E56040000F50B92 /* IVEFItem.m */ = {isa = PBXFileReference; fileEncoding = 4; lastKnownFileType = sourcecode.c.objc; name = IVEFItem.m; path = Classes/IVEFItem.m; sourceTree = "<group>"; };
		52D1F87F0E56040000F50B92 /* IVEFItem.h */ = {isa = PBXFileReference; fileEncoding = 4; lastKnownFileType = sourcecode.c.h; name = IVEFItem.h; path = Classes/IVEFItem.h; sourceTree = "<group>"; };
		52D1F8800E56040000F50B92 /* IVEFHeader.m */ = {isa = PBXFileReference; fileEncoding = 4; lastKnownFileType = sourcecode.c.objc; name = IVEFHeader.m; path = Classes/IVEFHeader.m; sourceTree = "<group>"; };
		52D1F8810E56040000F50B92 /* IVEFHeader.h */ = {isa = PBXFileReference; fileEncoding = 4; lastKnownFileType = sourcecode.c.h; name = IVEFHeader.h; path = Classes/IVEFHeader.h; sourceTree = "<group>"; };
		52D1F8820E56040000F50B92 /* IVEFBody.m */ = {isa = PBXFileReference; fileEncoding = 4; lastKnownFileType = sourcecode.c.objc; name = IVEFBody.m; path = Classes/IVEFBody.m; sourceTree = "<group>"; };
		52D1F8830E56040000F50B92 /* IVEFBody.h */ = {isa = PBXFileReference; fileEncoding = 4; lastKnownFileType = sourcecode.c.h; name = IVEFBody.h; path = Classes/IVEFBody.h; sourceTree = "<group>"; };
		52D1F8840E56040100F50B92 /* IVEFArea.m */ = {isa = PBXFileReference; fileEncoding = 4; lastKnownFileType = sourcecode.c.objc; name = IVEFArea.m; path = Classes/IVEFArea.m; sourceTree = "<group>"; };
		52D1F8850E56040100F50B92 /* IVEFArea.h */ = {isa = PBXFileReference; fileEncoding = 4; lastKnownFileType = sourcecode.c.h; name = IVEFArea.h; path = Classes/IVEFArea.h; sourceTree = "<group>"; };
		8DC2EF5A0486A6940098B216 /* Info.plist */ = {isa = PBXFileReference; fileEncoding = 4; lastKnownFileType = text.plist.xml; path = Info.plist; sourceTree = "<group>"; };
		8DC2EF5B0486A6940098B216 /* IVEF.framework */ = {isa = PBXFileReference; explicitFileType = wrapper.framework; includeInIndex = 0; path = IVEF.framework; sourceTree = BUILT_PRODUCTS_DIR; };
		D2F7E79907B2D74100F64583 /* CoreData.framework */ = {isa = PBXFileReference; lastKnownFileType = wrapper.framework; name = CoreData.framework; path = /System/Library/Frameworks/CoreData.framework; sourceTree = "<absolute>"; };
/* End PBXFileReference section */

/* Begin PBXFrameworksBuildPhase section */
		8DC2EF560486A6940098B216 /* Frameworks */ = {
			isa = PBXFrameworksBuildPhase;
			buildActionMask = 2147483647;
			files = (
				8DC2EF570486A6940098B216 /* Cocoa.framework in Frameworks */,
			);
			runOnlyForDeploymentPostprocessing = 0;
		};
/* End PBXFrameworksBuildPhase section */

/* Begin PBXGroup section */
		034768DFFF38A50411DB9C8B /* Products */ = {
			isa = PBXGroup;
			children = (
				8DC2EF5B0486A6940098B216 /* IVEF.framework */,
			);
			name = Products;
			sourceTree = "<group>";
		};
		0867D691FE84028FC02AAC07 /* IVEF */ = {
			isa = PBXGroup;
			children = (
				08FB77AEFE84172EC02AAC07 /* Classes */,
				32C88DFF0371C24200C91783 /* Other Sources */,
				089C1665FE841158C02AAC07 /* Resources */,
				0867D69AFE84028FC02AAC07 /* External Frameworks and Libraries */,
				034768DFFF38A50411DB9C8B /* Products */,
			);
			name = IVEF;
			sourceTree = "<group>";
		};
		0867D69AFE84028FC02AAC07 /* External Frameworks and Libraries */ = {
			isa = PBXGroup;
			children = (
				1058C7B0FEA5585E11CA2CBB /* Linked Frameworks */,
				1058C7B2FEA5585E11CA2CBB /* Other Frameworks */,
			);
			name = "External Frameworks and Libraries";
			sourceTree = "<group>";
		};
		089C1665FE841158C02AAC07 /* Resources */ = {
			isa = PBXGroup;
			children = (
				8DC2EF5A0486A6940098B216 /* Info.plist */,
				089C1666FE841158C02AAC07 /* InfoPlist.strings */,
			);
			name = Resources;
			sourceTree = "<group>";
		};
		08FB77AEFE84172EC02AAC07 /* Classes */ = {
			isa = PBXGroup;
			children = (
				52D1F84E0E5603FE00F50B92 /* IVEFVoyage.m */,
				52D1F84F0E5603FE00F50B92 /* IVEFVoyage.h */,
				52D1F8500E5603FE00F50B92 /* IVEFVesselData.m */,
				52D1F8510E5603FE00F50B92 /* IVEFVesselData.h */,
				52D1F8520E5603FE00F50B92 /* IVEFTransmission.m */,
				52D1F8530E5603FF00F50B92 /* IVEFTransmission.h */,
				52D1F8540E5603FF00F50B92 /* IVEFStaticData.m */,
				52D1F8550E5603FF00F50B92 /* IVEFStaticData.h */,
				52D1F8560E5603FF00F50B92 /* IVEFServiceRequest.m */,
				52D1F8570E5603FF00F50B92 /* IVEFServiceRequest.h */,
				52D1F8580E5603FF00F50B92 /* IVEFServerStatus.m */,
				52D1F8590E5603FF00F50B92 /* IVEFServerStatus.h */,
				52D1F85A0E5603FF00F50B92 /* IVEFSchema.m */,
				52D1F85B0E5603FF00F50B92 /* IVEFSchema.h */,
				52D1F85C0E5603FF00F50B92 /* IVEFPosReport.m */,
				52D1F85D0E5603FF00F50B92 /* IVEFPosReport.h */,
				52D1F85E0E5603FF00F50B92 /* IVEFPos.m */,
				52D1F85F0E5603FF00F50B92 /* IVEFPos.h */,
				52D1F8600E5603FF00F50B92 /* IVEFPong.m */,
				52D1F8610E5603FF00F50B92 /* IVEFPong.h */,
				52D1F8620E5603FF00F50B92 /* IVEFPing.m */,
				52D1F8630E5603FF00F50B92 /* IVEFPing.h */,
				52D1F8640E5603FF00F50B92 /* IVEFParser.m */,
				52D1F8650E5603FF00F50B92 /* IVEFParser.h */,
				52D1F8660E5603FF00F50B92 /* IVEFObject.m */,
				52D1F8670E5603FF00F50B92 /* IVEFObject.h */,
				52D1F8680E5603FF00F50B92 /* IVEFMSG_VesselData.m */,
				52D1F8690E5603FF00F50B92 /* IVEFMSG_VesselData.h */,
				52D1F86A0E5603FF00F50B92 /* IVEFMSG_ServiceRequest.m */,
				52D1F86B0E5603FF00F50B92 /* IVEFMSG_ServiceRequest.h */,
				52D1F86C0E56040000F50B92 /* IVEFMSG_ServerStatus.m */,
				52D1F86D0E56040000F50B92 /* IVEFMSG_ServerStatus.h */,
				52D1F86E0E56040000F50B92 /* IVEFMSG_Pong.m */,
				52D1F86F0E56040000F50B92 /* IVEFMSG_Pong.h */,
				52D1F8700E56040000F50B92 /* IVEFMSG_Ping.m */,
				52D1F8710E56040000F50B92 /* IVEFMSG_Ping.h */,
				52D1F8720E56040000F50B92 /* IVEFMSG_Logout.m */,
				52D1F8730E56040000F50B92 /* IVEFMSG_Logout.h */,
				52D1F8740E56040000F50B92 /* IVEFMSG_LoginResponse.m */,
				52D1F8750E56040000F50B92 /* IVEFMSG_LoginResponse.h */,
				52D1F8760E56040000F50B92 /* IVEFMSG_LoginRequest.m */,
				52D1F8770E56040000F50B92 /* IVEFMSG_LoginRequest.h */,
				52D1F8780E56040000F50B92 /* IVEFLogout.m */,
				52D1F8790E56040000F50B92 /* IVEFLogout.h */,
				52D1F87A0E56040000F50B92 /* IVEFLoginResponse.m */,
				52D1F87B0E56040000F50B92 /* IVEFLoginResponse.h */,
				52D1F87C0E56040000F50B92 /* IVEFLoginRequest.m */,
				52D1F87D0E56040000F50B92 /* IVEFLoginRequest.h */,
				52D1F87E0E56040000F50B92 /* IVEFItem.m */,
				52D1F87F0E56040000F50B92 /* IVEFItem.h */,
				52D1F8800E56040000F50B92 /* IVEFHeader.m */,
				52D1F8810E56040000F50B92 /* IVEFHeader.h */,
				52D1F8820E56040000F50B92 /* IVEFBody.m */,
				52D1F8830E56040000F50B92 /* IVEFBody.h */,
				52D1F8840E56040100F50B92 /* IVEFArea.m */,
				52D1F8850E56040100F50B92 /* IVEFArea.h */,
			);
			name = Classes;
			sourceTree = "<group>";
		};
		1058C7B0FEA5585E11CA2CBB /* Linked Frameworks */ = {
			isa = PBXGroup;
			children = (
				1058C7B1FEA5585E11CA2CBB /* Cocoa.framework */,
			);
			name = "Linked Frameworks";
			sourceTree = "<group>";
		};
		1058C7B2FEA5585E11CA2CBB /* Other Frameworks */ = {
			isa = PBXGroup;
			children = (
				0867D6A5FE840307C02AAC07 /* AppKit.framework */,
				D2F7E79907B2D74100F64583 /* CoreData.framework */,
				0867D69BFE84028FC02AAC07 /* Foundation.framework */,
			);
			name = "Other Frameworks";
			sourceTree = "<group>";
		};
		32C88DFF0371C24200C91783 /* Other Sources */ = {
			isa = PBXGroup;
			children = (
				32DBCF5E0370ADEE00C91783 /* IVEF_Prefix.pch */,
			);
			name = "Other Sources";
			sourceTree = "<group>";
		};
/* End PBXGroup section */

/* Begin PBXHeadersBuildPhase section */
		8DC2EF500486A6940098B216 /* Headers */ = {
			isa = PBXHeadersBuildPhase;
			buildActionMask = 2147483647;
			files = (
				52D1F8870E56040100F50B92 /* IVEFVoyage.h in Headers */,
				52D1F8890E56040100F50B92 /* IVEFVesselData.h in Headers */,
				52D1F88B0E56040100F50B92 /* IVEFTransmission.h in Headers */,
				52D1F88D0E56040100F50B92 /* IVEFStaticData.h in Headers */,
				52D1F88F0E56040100F50B92 /* IVEFServiceRequest.h in Headers */,
				52D1F8910E56040100F50B92 /* IVEFServerStatus.h in Headers */,
				52D1F8930E56040100F50B92 /* IVEFSchema.h in Headers */,
				52D1F8950E56040100F50B92 /* IVEFPosReport.h in Headers */,
				52D1F8970E56040100F50B92 /* IVEFPos.h in Headers */,
				52D1F8990E56040100F50B92 /* IVEFPong.h in Headers */,
				52D1F89B0E56040100F50B92 /* IVEFPing.h in Headers */,
				52D1F89D0E56040100F50B92 /* IVEFParser.h in Headers */,
				52D1F89F0E56040100F50B92 /* IVEFObject.h in Headers */,
				52D1F8A10E56040100F50B92 /* IVEFMSG_VesselData.h in Headers */,
				52D1F8A30E56040100F50B92 /* IVEFMSG_ServiceRequest.h in Headers */,
				52D1F8A50E56040100F50B92 /* IVEFMSG_ServerStatus.h in Headers */,
				52D1F8A70E56040100F50B92 /* IVEFMSG_Pong.h in Headers */,
				52D1F8A90E56040100F50B92 /* IVEFMSG_Ping.h in Headers */,
				52D1F8AB0E56040100F50B92 /* IVEFMSG_Logout.h in Headers */,
				52D1F8AD0E56040100F50B92 /* IVEFMSG_LoginResponse.h in Headers */,
				52D1F8AF0E56040100F50B92 /* IVEFMSG_LoginRequest.h in Headers */,
				52D1F8B10E56040100F50B92 /* IVEFLogout.h in Headers */,
				52D1F8B30E56040100F50B92 /* IVEFLoginResponse.h in Headers */,
				52D1F8B50E56040100F50B92 /* IVEFLoginRequest.h in Headers */,
				52D1F8B70E56040100F50B92 /* IVEFItem.h in Headers */,
				52D1F8B90E56040100F50B92 /* IVEFHeader.h in Headers */,
				52D1F8BB0E56040100F50B92 /* IVEFBody.h in Headers */,
				52D1F8BD0E56040100F50B92 /* IVEFArea.h in Headers */,
			);
			runOnlyForDeploymentPostprocessing = 0;
		};
/* End PBXHeadersBuildPhase section */

/* Begin PBXNativeTarget section */
		8DC2EF4F0486A6940098B216 /* IVEF */ = {
			isa = PBXNativeTarget;
			buildConfigurationList = 1DEB91AD08733DA50010E9CD /* Build configuration list for PBXNativeTarget "IVEF" */;
			buildPhases = (
				8DC2EF500486A6940098B216 /* Headers */,
				8DC2EF520486A6940098B216 /* Resources */,
				8DC2EF540486A6940098B216 /* Sources */,
				8DC2EF560486A6940098B216 /* Frameworks */,
			);
			buildRules = (
			);
			dependencies = (
			);
			name = IVEF;
			productInstallPath = "$(HOME)/Library/Frameworks";
			productName = IVEF;
			productReference = 8DC2EF5B0486A6940098B216 /* IVEF.framework */;
			productType = "com.apple.product-type.framework";
		};
/* End PBXNativeTarget section */

/* Begin PBXProject section */
		0867D690FE84028FC02AAC07 /* Project object */ = {
			isa = PBXProject;
			buildConfigurationList = 1DEB91B108733DA50010E9CD /* Build configuration list for PBXProject "IVEF" */;
			compatibilityVersion = "Xcode 3.1";
			hasScannedForEncodings = 1;
			mainGroup = 0867D691FE84028FC02AAC07 /* IVEF */;
			productRefGroup = 034768DFFF38A50411DB9C8B /* Products */;
			projectDirPath = "";
			projectRoot = "";
			targets = (
				8DC2EF4F0486A6940098B216 /* IVEF */,
			);
		};
/* End PBXProject section */

/* Begin PBXResourcesBuildPhase section */
		8DC2EF520486A6940098B216 /* Resources */ = {
			isa = PBXResourcesBuildPhase;
			buildActionMask = 2147483647;
			files = (
				8DC2EF530486A6940098B216 /* InfoPlist.strings in Resources */,
			);
			runOnlyForDeploymentPostprocessing = 0;
		};
/* End PBXResourcesBuildPhase section */

/* Begin PBXSourcesBuildPhase section */
		8DC2EF540486A6940098B216 /* Sources */ = {
			isa = PBXSourcesBuildPhase;
			buildActionMask = 2147483647;
			files = (
				52D1F8860E56040100F50B92 /* IVEFVoyage.m in Sources */,
				52D1F8880E56040100F50B92 /* IVEFVesselData.m in Sources */,
				52D1F88A0E56040100F50B92 /* IVEFTransmission.m in Sources */,
				52D1F88C0E56040100F50B92 /* IVEFStaticData.m in Sources */,
				52D1F88E0E56040100F50B92 /* IVEFServiceRequest.m in Sources */,
				52D1F8900E56040100F50B92 /* IVEFServerStatus.m in Sources */,
				52D1F8920E56040100F50B92 /* IVEFSchema.m in Sources */,
				52D1F8940E56040100F50B92 /* IVEFPosReport.m in Sources */,
				52D1F8960E56040100F50B92 /* IVEFPos.m in Sources */,
				52D1F8980E56040100F50B92 /* IVEFPong.m in Sources */,
				52D1F89A0E56040100F50B92 /* IVEFPing.m in Sources */,
				52D1F89C0E56040100F50B92 /* IVEFParser.m in Sources */,
				52D1F89E0E56040100F50B92 /* IVEFObject.m in Sources */,
				52D1F8A00E56040100F50B92 /* IVEFMSG_VesselData.m in Sources */,
				52D1F8A20E56040100F50B92 /* IVEFMSG_ServiceRequest.m in Sources */,
				52D1F8A40E56040100F50B92 /* IVEFMSG_ServerStatus.m in Sources */,
				52D1F8A60E56040100F50B92 /* IVEFMSG_Pong.m in Sources */,
				52D1F8A80E56040100F50B92 /* IVEFMSG_Ping.m in Sources */,
				52D1F8AA0E56040100F50B92 /* IVEFMSG_Logout.m in Sources */,
				52D1F8AC0E56040100F50B92 /* IVEFMSG_LoginResponse.m in Sources */,
				52D1F8AE0E56040100F50B92 /* IVEFMSG_LoginRequest.m in Sources */,
				52D1F8B00E56040100F50B92 /* IVEFLogout.m in Sources */,
				52D1F8B20E56040100F50B92 /* IVEFLoginResponse.m in Sources */,
				52D1F8B40E56040100F50B92 /* IVEFLoginRequest.m in Sources */,
				52D1F8B60E56040100F50B92 /* IVEFItem.m in Sources */,
				52D1F8B80E56040100F50B92 /* IVEFHeader.m in Sources */,
				52D1F8BA0E56040100F50B92 /* IVEFBody.m in Sources */,
				52D1F8BC0E56040100F50B92 /* IVEFArea.m in Sources */,
			);
			runOnlyForDeploymentPostprocessing = 0;
		};
/* End PBXSourcesBuildPhase section */

/* Begin PBXVariantGroup section */
		089C1666FE841158C02AAC07 /* InfoPlist.strings */ = {
			isa = PBXVariantGroup;
			children = (
				089C1667FE841158C02AAC07 /* English */,
			);
			name = InfoPlist.strings;
			sourceTree = "<group>";
		};
/* End PBXVariantGroup section */

/* Begin XCBuildConfiguration section */
		1DEB91AE08733DA50010E9CD /* Debug */ = {
			isa = XCBuildConfiguration;
			buildSettings = {
				ALWAYS_SEARCH_USER_PATHS = NO;
				COPY_PHASE_STRIP = NO;
				DYLIB_COMPATIBILITY_VERSION = 1;
				DYLIB_CURRENT_VERSION = 1;
				FRAMEWORK_VERSION = A;
				GCC_DYNAMIC_NO_PIC = NO;
				GCC_ENABLE_FIX_AND_CONTINUE = YES;
				GCC_MODEL_TUNING = G5;
				GCC_OPTIMIZATION_LEVEL = 0;
				GCC_PRECOMPILE_PREFIX_HEADER = YES;
				GCC_PREFIX_HEADER = IVEF_Prefix.pch;
				INFOPLIST_FILE = Info.plist;
				INSTALL_PATH = "$(HOME)/Library/Frameworks";
				PRODUCT_NAME = IVEF;
				WRAPPER_EXTENSION = framework;
			};
			name = Debug;
		};
		1DEB91AF08733DA50010E9CD /* Release */ = {
			isa = XCBuildConfiguration;
			buildSettings = {
				ALWAYS_SEARCH_USER_PATHS = NO;
				DEBUG_INFORMATION_FORMAT = "dwarf-with-dsym";
				DYLIB_COMPATIBILITY_VERSION = 1;
				DYLIB_CURRENT_VERSION = 1;
				FRAMEWORK_VERSION = A;
				GCC_MODEL_TUNING = G5;
				GCC_PRECOMPILE_PREFIX_HEADER = YES;
				GCC_PREFIX_HEADER = IVEF_Prefix.pch;
				INFOPLIST_FILE = Info.plist;
				INSTALL_PATH = "$(HOME)/Library/Frameworks";
				PRODUCT_NAME = IVEF;
				WRAPPER_EXTENSION = framework;
			};
			name = Release;
		};
		1DEB91B208733DA50010E9CD /* Debug */ = {
			isa = XCBuildConfiguration;
			buildSettings = {
				ARCHS = "$(ARCHS_STANDARD_32_BIT)";
				GCC_C_LANGUAGE_STANDARD = c99;
				GCC_OPTIMIZATION_LEVEL = 0;
				GCC_WARN_ABOUT_RETURN_TYPE = YES;
				GCC_WARN_UNUSED_VARIABLE = YES;
				ONLY_ACTIVE_ARCH = YES;
				PREBINDING = NO;
				SDKROOT = macosx10.5;
			};
			name = Debug;
		};
		1DEB91B308733DA50010E9CD /* Release */ = {
			isa = XCBuildConfiguration;
			buildSettings = {
				ARCHS = "$(ARCHS_STANDARD_32_BIT)";
				GCC_C_LANGUAGE_STANDARD = c99;
				GCC_WARN_ABOUT_RETURN_TYPE = YES;
				GCC_WARN_UNUSED_VARIABLE = YES;
				PREBINDING = NO;
				SDKROOT = macosx10.5;
			};
			name = Release;
		};
/* End XCBuildConfiguration section */

/* Begin XCConfigurationList section */
		1DEB91AD08733DA50010E9CD /* Build configuration list for PBXNativeTarget "IVEF" */ = {
			isa = XCConfigurationList;
			buildConfigurations = (
				1DEB91AE08733DA50010E9CD /* Debug */,
				1DEB91AF08733DA50010E9CD /* Release */,
			);
			defaultConfigurationIsVisible = 0;
			defaultConfigurationName = Release;
		};
		1DEB91B108733DA50010E9CD /* Build configuration list for PBXProject "IVEF" */ = {
			isa = XCConfigurationList;
			buildConfigurations = (
				1DEB91B208733DA50010E9CD /* Debug */,
				1DEB91B308733DA50010E9CD /* Release */,
			);
			defaultConfigurationIsVisible = 0;
			defaultConfigurationName = Release;
		};
/* End XCConfigurationList section */
	};
	rootObject = 0867D690FE84028FC02AAC07 /* Project object */;
}
