// !$*UTF8*$!
{
	archiveVersion = 1;
	classes = {
	};
	objectVersion = 45;
	objects = {

/* Begin PBXBuildFile section */
		527246E110F3EFD200FD065D /* ILObjectDatas.h in Headers */ = {isa = PBXBuildFile; fileRef = 527246DF10F3EFD200FD065D /* ILObjectDatas.h */; };
		527246E210F3EFD200FD065D /* ILObjectDatas.m in Sources */ = {isa = PBXBuildFile; fileRef = 527246E010F3EFD200FD065D /* ILObjectDatas.m */; };
		52B1B22810F3E28100C555F3 /* ILArea.h in Headers */ = {isa = PBXBuildFile; fileRef = 52B1B1EE10F3E28100C555F3 /* ILArea.h */; };
		52B1B22910F3E28100C555F3 /* ILBody.h in Headers */ = {isa = PBXBuildFile; fileRef = 52B1B1EF10F3E28100C555F3 /* ILBody.h */; };
		52B1B22A10F3E28100C555F3 /* ILItem.h in Headers */ = {isa = PBXBuildFile; fileRef = 52B1B1F010F3E28100C555F3 /* ILItem.h */; };
		52B1B22B10F3E28100C555F3 /* ILHeader.h in Headers */ = {isa = PBXBuildFile; fileRef = 52B1B1F110F3E28100C555F3 /* ILHeader.h */; };
		52B1B22C10F3E28100C555F3 /* ILArea.m in Sources */ = {isa = PBXBuildFile; fileRef = 52B1B1F210F3E28100C555F3 /* ILArea.m */; };
		52B1B22D10F3E28100C555F3 /* ILLogout.m in Sources */ = {isa = PBXBuildFile; fileRef = 52B1B1F310F3E28100C555F3 /* ILLogout.m */; };
		52B1B22E10F3E28100C555F3 /* ILPong.h in Headers */ = {isa = PBXBuildFile; fileRef = 52B1B1F410F3E28100C555F3 /* ILPong.h */; };
		52B1B22F10F3E28100C555F3 /* ILBody.m in Sources */ = {isa = PBXBuildFile; fileRef = 52B1B1F510F3E28100C555F3 /* ILBody.m */; };
		52B1B23010F3E28100C555F3 /* ILSchema.h in Headers */ = {isa = PBXBuildFile; fileRef = 52B1B1F610F3E28100C555F3 /* ILSchema.h */; };
		52B1B23110F3E28100C555F3 /* ILIdentifier.h in Headers */ = {isa = PBXBuildFile; fileRef = 52B1B1F710F3E28100C555F3 /* ILIdentifier.h */; };
		52B1B23210F3E28100C555F3 /* ILUnType.m in Sources */ = {isa = PBXBuildFile; fileRef = 52B1B1F810F3E28100C555F3 /* ILUnType.m */; };
		52B1B23310F3E28100C555F3 /* ILServiceRequest.m in Sources */ = {isa = PBXBuildFile; fileRef = 52B1B1F910F3E28100C555F3 /* ILServiceRequest.m */; };
		52B1B23410F3E28100C555F3 /* ILVesselData.h in Headers */ = {isa = PBXBuildFile; fileRef = 52B1B1FA10F3E28100C555F3 /* ILVesselData.h */; };
		52B1B23510F3E28100C555F3 /* ILTransmission.h in Headers */ = {isa = PBXBuildFile; fileRef = 52B1B1FB10F3E28100C555F3 /* ILTransmission.h */; };
		52B1B23610F3E28100C555F3 /* ILWaypoint.m in Sources */ = {isa = PBXBuildFile; fileRef = 52B1B1FC10F3E28100C555F3 /* ILWaypoint.m */; };
		52B1B23710F3E28100C555F3 /* ILTransmission.m in Sources */ = {isa = PBXBuildFile; fileRef = 52B1B1FD10F3E28100C555F3 /* ILTransmission.m */; };
		52B1B23810F3E28100C555F3 /* ILServiceRequestResponse.h in Headers */ = {isa = PBXBuildFile; fileRef = 52B1B1FE10F3E28100C555F3 /* ILServiceRequestResponse.h */; };
		52B1B23910F3E28100C555F3 /* ILHeader.m in Sources */ = {isa = PBXBuildFile; fileRef = 52B1B1FF10F3E28100C555F3 /* ILHeader.m */; };
		52B1B23A10F3E28100C555F3 /* ILFilter.m in Sources */ = {isa = PBXBuildFile; fileRef = 52B1B20010F3E28100C555F3 /* ILFilter.m */; };
		52B1B23B10F3E28100C555F3 /* ILPing.h in Headers */ = {isa = PBXBuildFile; fileRef = 52B1B20110F3E28100C555F3 /* ILPing.h */; };
		52B1B23C10F3E28100C555F3 /* ILIdentifier.m in Sources */ = {isa = PBXBuildFile; fileRef = 52B1B20210F3E28100C555F3 /* ILIdentifier.m */; };
		52B1B23D10F3E28100C555F3 /* ILVesselData.m in Sources */ = {isa = PBXBuildFile; fileRef = 52B1B20310F3E28100C555F3 /* ILVesselData.m */; };
		52B1B23E10F3E28100C555F3 /* ILLogout.h in Headers */ = {isa = PBXBuildFile; fileRef = 52B1B20410F3E28100C555F3 /* ILLogout.h */; };
		52B1B23F10F3E28100C555F3 /* ILMSG_IVEF.h in Headers */ = {isa = PBXBuildFile; fileRef = 52B1B20510F3E28100C555F3 /* ILMSG_IVEF.h */; };
		52B1B24010F3E28100C555F3 /* ILPong.m in Sources */ = {isa = PBXBuildFile; fileRef = 52B1B20610F3E28100C555F3 /* ILPong.m */; };
		52B1B24110F3E28100C555F3 /* ILServerStatus.h in Headers */ = {isa = PBXBuildFile; fileRef = 52B1B20710F3E28100C555F3 /* ILServerStatus.h */; };
		52B1B24210F3E28100C555F3 /* ILParser.m in Sources */ = {isa = PBXBuildFile; fileRef = 52B1B20810F3E28100C555F3 /* ILParser.m */; };
		52B1B24310F3E28100C555F3 /* ILVoyageData.h in Headers */ = {isa = PBXBuildFile; fileRef = 52B1B20910F3E28100C555F3 /* ILVoyageData.h */; };
		52B1B24410F3E28100C555F3 /* ILVoyageData.m in Sources */ = {isa = PBXBuildFile; fileRef = 52B1B20A10F3E28100C555F3 /* ILVoyageData.m */; };
		52B1B24510F3E28100C555F3 /* ILMSG_IVEF.m in Sources */ = {isa = PBXBuildFile; fileRef = 52B1B20B10F3E28100C555F3 /* ILMSG_IVEF.m */; };
		52B1B24610F3E28100C555F3 /* ILTaggedItem.m in Sources */ = {isa = PBXBuildFile; fileRef = 52B1B20C10F3E28100C555F3 /* ILTaggedItem.m */; };
		52B1B24710F3E28100C555F3 /* ILServiceRequest.h in Headers */ = {isa = PBXBuildFile; fileRef = 52B1B20D10F3E28100C555F3 /* ILServiceRequest.h */; };
		52B1B24810F3E28100C555F3 /* ILSchema.m in Sources */ = {isa = PBXBuildFile; fileRef = 52B1B20E10F3E28100C555F3 /* ILSchema.m */; };
		52B1B24910F3E28100C555F3 /* ILUnType.h in Headers */ = {isa = PBXBuildFile; fileRef = 52B1B20F10F3E28100C555F3 /* ILUnType.h */; };
		52B1B24A10F3E28100C555F3 /* ILOtherName.m in Sources */ = {isa = PBXBuildFile; fileRef = 52B1B21010F3E28100C555F3 /* ILOtherName.m */; };
		52B1B24B10F3E28100C555F3 /* ILLoginResponse.m in Sources */ = {isa = PBXBuildFile; fileRef = 52B1B21110F3E28100C555F3 /* ILLoginResponse.m */; };
		52B1B24C10F3E28100C555F3 /* ILTrackData.m in Sources */ = {isa = PBXBuildFile; fileRef = 52B1B21210F3E28100C555F3 /* ILTrackData.m */; };
		52B1B24D10F3E28100C555F3 /* ILTrackData.h in Headers */ = {isa = PBXBuildFile; fileRef = 52B1B21310F3E28100C555F3 /* ILTrackData.h */; };
		52B1B24E10F3E28100C555F3 /* ILTaggedItem.h in Headers */ = {isa = PBXBuildFile; fileRef = 52B1B21410F3E28100C555F3 /* ILTaggedItem.h */; };
		52B1B24F10F3E28100C555F3 /* ILWaypoint.h in Headers */ = {isa = PBXBuildFile; fileRef = 52B1B21510F3E28100C555F3 /* ILWaypoint.h */; };
		52B1B25010F3E28100C555F3 /* ILOtherName.h in Headers */ = {isa = PBXBuildFile; fileRef = 52B1B21610F3E28100C555F3 /* ILOtherName.h */; };
		52B1B25110F3E28100C555F3 /* ILLoginRequest.m in Sources */ = {isa = PBXBuildFile; fileRef = 52B1B21710F3E28100C555F3 /* ILLoginRequest.m */; };
		52B1B25210F3E28100C555F3 /* ILFilter.h in Headers */ = {isa = PBXBuildFile; fileRef = 52B1B21810F3E28100C555F3 /* ILFilter.h */; };
		52B1B25310F3E28100C555F3 /* ILOtherId.h in Headers */ = {isa = PBXBuildFile; fileRef = 52B1B21910F3E28100C555F3 /* ILOtherId.h */; };
		52B1B25410F3E28100C555F3 /* ILObjectData.m in Sources */ = {isa = PBXBuildFile; fileRef = 52B1B21A10F3E28100C555F3 /* ILObjectData.m */; };
		52B1B25510F3E28100C555F3 /* ILPing.m in Sources */ = {isa = PBXBuildFile; fileRef = 52B1B21B10F3E28100C555F3 /* ILPing.m */; };
		52B1B25610F3E28100C555F3 /* ILServiceRequestResponse.m in Sources */ = {isa = PBXBuildFile; fileRef = 52B1B21C10F3E28100C555F3 /* ILServiceRequestResponse.m */; };
		52B1B25710F3E28100C555F3 /* ILParser.h in Headers */ = {isa = PBXBuildFile; fileRef = 52B1B21D10F3E28100C555F3 /* ILParser.h */; };
		52B1B25810F3E28100C555F3 /* ILServerStatus.m in Sources */ = {isa = PBXBuildFile; fileRef = 52B1B21E10F3E28100C555F3 /* ILServerStatus.m */; };
		52B1B25910F3E28100C555F3 /* ILObjectData.h in Headers */ = {isa = PBXBuildFile; fileRef = 52B1B21F10F3E28100C555F3 /* ILObjectData.h */; };
		52B1B25A10F3E28100C555F3 /* ILOtherId.m in Sources */ = {isa = PBXBuildFile; fileRef = 52B1B22010F3E28100C555F3 /* ILOtherId.m */; };
		52B1B25B10F3E28100C555F3 /* ILPos.h in Headers */ = {isa = PBXBuildFile; fileRef = 52B1B22110F3E28100C555F3 /* ILPos.h */; };
		52B1B25C10F3E28100C555F3 /* ILLoginResponse.h in Headers */ = {isa = PBXBuildFile; fileRef = 52B1B22210F3E28100C555F3 /* ILLoginResponse.h */; };
		52B1B25D10F3E28100C555F3 /* ILPos.m in Sources */ = {isa = PBXBuildFile; fileRef = 52B1B22310F3E28100C555F3 /* ILPos.m */; };
		52B1B25E10F3E28100C555F3 /* ILLoginRequest.h in Headers */ = {isa = PBXBuildFile; fileRef = 52B1B22410F3E28100C555F3 /* ILLoginRequest.h */; };
		52B1B25F10F3E28100C555F3 /* ILItem.m in Sources */ = {isa = PBXBuildFile; fileRef = 52B1B22510F3E28100C555F3 /* ILItem.m */; };
		52B1B26010F3E28100C555F3 /* ILConstruction.m in Sources */ = {isa = PBXBuildFile; fileRef = 52B1B22610F3E28100C555F3 /* ILConstruction.m */; };
		52B1B26110F3E28100C555F3 /* ILConstruction.h in Headers */ = {isa = PBXBuildFile; fileRef = 52B1B22710F3E28100C555F3 /* ILConstruction.h */; };
		8DC2EF530486A6940098B216 /* InfoPlist.strings in Resources */ = {isa = PBXBuildFile; fileRef = 089C1666FE841158C02AAC07 /* InfoPlist.strings */; };
		8DC2EF570486A6940098B216 /* Cocoa.framework in Frameworks */ = {isa = PBXBuildFile; fileRef = 1058C7B1FEA5585E11CA2CBB /* Cocoa.framework */; };
/* End PBXBuildFile section */

/* Begin PBXFileReference section */
		0867D69BFE84028FC02AAC07 /* Foundation.framework */ = {isa = PBXFileReference; lastKnownFileType = wrapper.framework; name = Foundation.framework; path = /System/Library/Frameworks/Foundation.framework; sourceTree = "<absolute>"; };
		0867D6A5FE840307C02AAC07 /* AppKit.framework */ = {isa = PBXFileReference; lastKnownFileType = wrapper.framework; name = AppKit.framework; path = /System/Library/Frameworks/AppKit.framework; sourceTree = "<absolute>"; };
		089C1667FE841158C02AAC07 /* English */ = {isa = PBXFileReference; fileEncoding = 10; lastKnownFileType = text.plist.strings; name = English; path = English.lproj/InfoPlist.strings; sourceTree = "<group>"; };
		1058C7B1FEA5585E11CA2CBB /* Cocoa.framework */ = {isa = PBXFileReference; lastKnownFileType = wrapper.framework; name = Cocoa.framework; path = /System/Library/Frameworks/Cocoa.framework; sourceTree = "<absolute>"; };
		32DBCF5E0370ADEE00C91783 /* IVEF_Prefix.pch */ = {isa = PBXFileReference; fileEncoding = 4; lastKnownFileType = sourcecode.c.h; path = IVEF_Prefix.pch; sourceTree = "<group>"; };
		527246DF10F3EFD200FD065D /* ILObjectDatas.h */ = {isa = PBXFileReference; fileEncoding = 4; lastKnownFileType = sourcecode.c.h; name = ILObjectDatas.h; path = Classes/ILObjectDatas.h; sourceTree = "<group>"; };
		527246E010F3EFD200FD065D /* ILObjectDatas.m */ = {isa = PBXFileReference; fileEncoding = 4; lastKnownFileType = sourcecode.c.objc; name = ILObjectDatas.m; path = Classes/ILObjectDatas.m; sourceTree = "<group>"; };
		52B1B1EE10F3E28100C555F3 /* ILArea.h */ = {isa = PBXFileReference; fileEncoding = 4; lastKnownFileType = sourcecode.c.h; name = ILArea.h; path = Classes/ILArea.h; sourceTree = "<group>"; };
		52B1B1EF10F3E28100C555F3 /* ILBody.h */ = {isa = PBXFileReference; fileEncoding = 4; lastKnownFileType = sourcecode.c.h; name = ILBody.h; path = Classes/ILBody.h; sourceTree = "<group>"; };
		52B1B1F010F3E28100C555F3 /* ILItem.h */ = {isa = PBXFileReference; fileEncoding = 4; lastKnownFileType = sourcecode.c.h; name = ILItem.h; path = Classes/ILItem.h; sourceTree = "<group>"; };
		52B1B1F110F3E28100C555F3 /* ILHeader.h */ = {isa = PBXFileReference; fileEncoding = 4; lastKnownFileType = sourcecode.c.h; name = ILHeader.h; path = Classes/ILHeader.h; sourceTree = "<group>"; };
		52B1B1F210F3E28100C555F3 /* ILArea.m */ = {isa = PBXFileReference; fileEncoding = 4; lastKnownFileType = sourcecode.c.objc; name = ILArea.m; path = Classes/ILArea.m; sourceTree = "<group>"; };
		52B1B1F310F3E28100C555F3 /* ILLogout.m */ = {isa = PBXFileReference; fileEncoding = 4; lastKnownFileType = sourcecode.c.objc; name = ILLogout.m; path = Classes/ILLogout.m; sourceTree = "<group>"; };
		52B1B1F410F3E28100C555F3 /* ILPong.h */ = {isa = PBXFileReference; fileEncoding = 4; lastKnownFileType = sourcecode.c.h; name = ILPong.h; path = Classes/ILPong.h; sourceTree = "<group>"; };
		52B1B1F510F3E28100C555F3 /* ILBody.m */ = {isa = PBXFileReference; fileEncoding = 4; lastKnownFileType = sourcecode.c.objc; name = ILBody.m; path = Classes/ILBody.m; sourceTree = "<group>"; };
		52B1B1F610F3E28100C555F3 /* ILSchema.h */ = {isa = PBXFileReference; fileEncoding = 4; lastKnownFileType = sourcecode.c.h; name = ILSchema.h; path = Classes/ILSchema.h; sourceTree = "<group>"; };
		52B1B1F710F3E28100C555F3 /* ILIdentifier.h */ = {isa = PBXFileReference; fileEncoding = 4; lastKnownFileType = sourcecode.c.h; name = ILIdentifier.h; path = Classes/ILIdentifier.h; sourceTree = "<group>"; };
		52B1B1F810F3E28100C555F3 /* ILUnType.m */ = {isa = PBXFileReference; fileEncoding = 4; lastKnownFileType = sourcecode.c.objc; name = ILUnType.m; path = Classes/ILUnType.m; sourceTree = "<group>"; };
		52B1B1F910F3E28100C555F3 /* ILServiceRequest.m */ = {isa = PBXFileReference; fileEncoding = 4; lastKnownFileType = sourcecode.c.objc; name = ILServiceRequest.m; path = Classes/ILServiceRequest.m; sourceTree = "<group>"; };
		52B1B1FA10F3E28100C555F3 /* ILVesselData.h */ = {isa = PBXFileReference; fileEncoding = 4; lastKnownFileType = sourcecode.c.h; name = ILVesselData.h; path = Classes/ILVesselData.h; sourceTree = "<group>"; };
		52B1B1FB10F3E28100C555F3 /* ILTransmission.h */ = {isa = PBXFileReference; fileEncoding = 4; lastKnownFileType = sourcecode.c.h; name = ILTransmission.h; path = Classes/ILTransmission.h; sourceTree = "<group>"; };
		52B1B1FC10F3E28100C555F3 /* ILWaypoint.m */ = {isa = PBXFileReference; fileEncoding = 4; lastKnownFileType = sourcecode.c.objc; name = ILWaypoint.m; path = Classes/ILWaypoint.m; sourceTree = "<group>"; };
		52B1B1FD10F3E28100C555F3 /* ILTransmission.m */ = {isa = PBXFileReference; fileEncoding = 4; lastKnownFileType = sourcecode.c.objc; name = ILTransmission.m; path = Classes/ILTransmission.m; sourceTree = "<group>"; };
		52B1B1FE10F3E28100C555F3 /* ILServiceRequestResponse.h */ = {isa = PBXFileReference; fileEncoding = 4; lastKnownFileType = sourcecode.c.h; name = ILServiceRequestResponse.h; path = Classes/ILServiceRequestResponse.h; sourceTree = "<group>"; };
		52B1B1FF10F3E28100C555F3 /* ILHeader.m */ = {isa = PBXFileReference; fileEncoding = 4; lastKnownFileType = sourcecode.c.objc; name = ILHeader.m; path = Classes/ILHeader.m; sourceTree = "<group>"; };
		52B1B20010F3E28100C555F3 /* ILFilter.m */ = {isa = PBXFileReference; fileEncoding = 4; lastKnownFileType = sourcecode.c.objc; name = ILFilter.m; path = Classes/ILFilter.m; sourceTree = "<group>"; };
		52B1B20110F3E28100C555F3 /* ILPing.h */ = {isa = PBXFileReference; fileEncoding = 4; lastKnownFileType = sourcecode.c.h; name = ILPing.h; path = Classes/ILPing.h; sourceTree = "<group>"; };
		52B1B20210F3E28100C555F3 /* ILIdentifier.m */ = {isa = PBXFileReference; fileEncoding = 4; lastKnownFileType = sourcecode.c.objc; name = ILIdentifier.m; path = Classes/ILIdentifier.m; sourceTree = "<group>"; };
		52B1B20310F3E28100C555F3 /* ILVesselData.m */ = {isa = PBXFileReference; fileEncoding = 4; lastKnownFileType = sourcecode.c.objc; name = ILVesselData.m; path = Classes/ILVesselData.m; sourceTree = "<group>"; };
		52B1B20410F3E28100C555F3 /* ILLogout.h */ = {isa = PBXFileReference; fileEncoding = 4; lastKnownFileType = sourcecode.c.h; name = ILLogout.h; path = Classes/ILLogout.h; sourceTree = "<group>"; };
		52B1B20510F3E28100C555F3 /* ILMSG_IVEF.h */ = {isa = PBXFileReference; fileEncoding = 4; lastKnownFileType = sourcecode.c.h; name = ILMSG_IVEF.h; path = Classes/ILMSG_IVEF.h; sourceTree = "<group>"; };
		52B1B20610F3E28100C555F3 /* ILPong.m */ = {isa = PBXFileReference; fileEncoding = 4; lastKnownFileType = sourcecode.c.objc; name = ILPong.m; path = Classes/ILPong.m; sourceTree = "<group>"; };
		52B1B20710F3E28100C555F3 /* ILServerStatus.h */ = {isa = PBXFileReference; fileEncoding = 4; lastKnownFileType = sourcecode.c.h; name = ILServerStatus.h; path = Classes/ILServerStatus.h; sourceTree = "<group>"; };
		52B1B20810F3E28100C555F3 /* ILParser.m */ = {isa = PBXFileReference; fileEncoding = 4; lastKnownFileType = sourcecode.c.objc; name = ILParser.m; path = Classes/ILParser.m; sourceTree = "<group>"; };
		52B1B20910F3E28100C555F3 /* ILVoyageData.h */ = {isa = PBXFileReference; fileEncoding = 4; lastKnownFileType = sourcecode.c.h; name = ILVoyageData.h; path = Classes/ILVoyageData.h; sourceTree = "<group>"; };
		52B1B20A10F3E28100C555F3 /* ILVoyageData.m */ = {isa = PBXFileReference; fileEncoding = 4; lastKnownFileType = sourcecode.c.objc; name = ILVoyageData.m; path = Classes/ILVoyageData.m; sourceTree = "<group>"; };
		52B1B20B10F3E28100C555F3 /* ILMSG_IVEF.m */ = {isa = PBXFileReference; fileEncoding = 4; lastKnownFileType = sourcecode.c.objc; name = ILMSG_IVEF.m; path = Classes/ILMSG_IVEF.m; sourceTree = "<group>"; };
		52B1B20C10F3E28100C555F3 /* ILTaggedItem.m */ = {isa = PBXFileReference; fileEncoding = 4; lastKnownFileType = sourcecode.c.objc; name = ILTaggedItem.m; path = Classes/ILTaggedItem.m; sourceTree = "<group>"; };
		52B1B20D10F3E28100C555F3 /* ILServiceRequest.h */ = {isa = PBXFileReference; fileEncoding = 4; lastKnownFileType = sourcecode.c.h; name = ILServiceRequest.h; path = Classes/ILServiceRequest.h; sourceTree = "<group>"; };
		52B1B20E10F3E28100C555F3 /* ILSchema.m */ = {isa = PBXFileReference; fileEncoding = 4; lastKnownFileType = sourcecode.c.objc; name = ILSchema.m; path = Classes/ILSchema.m; sourceTree = "<group>"; };
		52B1B20F10F3E28100C555F3 /* ILUnType.h */ = {isa = PBXFileReference; fileEncoding = 4; lastKnownFileType = sourcecode.c.h; name = ILUnType.h; path = Classes/ILUnType.h; sourceTree = "<group>"; };
		52B1B21010F3E28100C555F3 /* ILOtherName.m */ = {isa = PBXFileReference; fileEncoding = 4; lastKnownFileType = sourcecode.c.objc; name = ILOtherName.m; path = Classes/ILOtherName.m; sourceTree = "<group>"; };
		52B1B21110F3E28100C555F3 /* ILLoginResponse.m */ = {isa = PBXFileReference; fileEncoding = 4; lastKnownFileType = sourcecode.c.objc; name = ILLoginResponse.m; path = Classes/ILLoginResponse.m; sourceTree = "<group>"; };
		52B1B21210F3E28100C555F3 /* ILTrackData.m */ = {isa = PBXFileReference; fileEncoding = 4; lastKnownFileType = sourcecode.c.objc; name = ILTrackData.m; path = Classes/ILTrackData.m; sourceTree = "<group>"; };
		52B1B21310F3E28100C555F3 /* ILTrackData.h */ = {isa = PBXFileReference; fileEncoding = 4; lastKnownFileType = sourcecode.c.h; name = ILTrackData.h; path = Classes/ILTrackData.h; sourceTree = "<group>"; };
		52B1B21410F3E28100C555F3 /* ILTaggedItem.h */ = {isa = PBXFileReference; fileEncoding = 4; lastKnownFileType = sourcecode.c.h; name = ILTaggedItem.h; path = Classes/ILTaggedItem.h; sourceTree = "<group>"; };
		52B1B21510F3E28100C555F3 /* ILWaypoint.h */ = {isa = PBXFileReference; fileEncoding = 4; lastKnownFileType = sourcecode.c.h; name = ILWaypoint.h; path = Classes/ILWaypoint.h; sourceTree = "<group>"; };
		52B1B21610F3E28100C555F3 /* ILOtherName.h */ = {isa = PBXFileReference; fileEncoding = 4; lastKnownFileType = sourcecode.c.h; name = ILOtherName.h; path = Classes/ILOtherName.h; sourceTree = "<group>"; };
		52B1B21710F3E28100C555F3 /* ILLoginRequest.m */ = {isa = PBXFileReference; fileEncoding = 4; lastKnownFileType = sourcecode.c.objc; name = ILLoginRequest.m; path = Classes/ILLoginRequest.m; sourceTree = "<group>"; };
		52B1B21810F3E28100C555F3 /* ILFilter.h */ = {isa = PBXFileReference; fileEncoding = 4; lastKnownFileType = sourcecode.c.h; name = ILFilter.h; path = Classes/ILFilter.h; sourceTree = "<group>"; };
		52B1B21910F3E28100C555F3 /* ILOtherId.h */ = {isa = PBXFileReference; fileEncoding = 4; lastKnownFileType = sourcecode.c.h; name = ILOtherId.h; path = Classes/ILOtherId.h; sourceTree = "<group>"; };
		52B1B21A10F3E28100C555F3 /* ILObjectData.m */ = {isa = PBXFileReference; fileEncoding = 4; lastKnownFileType = sourcecode.c.objc; name = ILObjectData.m; path = Classes/ILObjectData.m; sourceTree = "<group>"; };
		52B1B21B10F3E28100C555F3 /* ILPing.m */ = {isa = PBXFileReference; fileEncoding = 4; lastKnownFileType = sourcecode.c.objc; name = ILPing.m; path = Classes/ILPing.m; sourceTree = "<group>"; };
		52B1B21C10F3E28100C555F3 /* ILServiceRequestResponse.m */ = {isa = PBXFileReference; fileEncoding = 4; lastKnownFileType = sourcecode.c.objc; name = ILServiceRequestResponse.m; path = Classes/ILServiceRequestResponse.m; sourceTree = "<group>"; };
		52B1B21D10F3E28100C555F3 /* ILParser.h */ = {isa = PBXFileReference; fileEncoding = 4; lastKnownFileType = sourcecode.c.h; name = ILParser.h; path = Classes/ILParser.h; sourceTree = "<group>"; };
		52B1B21E10F3E28100C555F3 /* ILServerStatus.m */ = {isa = PBXFileReference; fileEncoding = 4; lastKnownFileType = sourcecode.c.objc; name = ILServerStatus.m; path = Classes/ILServerStatus.m; sourceTree = "<group>"; };
		52B1B21F10F3E28100C555F3 /* ILObjectData.h */ = {isa = PBXFileReference; fileEncoding = 4; lastKnownFileType = sourcecode.c.h; name = ILObjectData.h; path = Classes/ILObjectData.h; sourceTree = "<group>"; };
		52B1B22010F3E28100C555F3 /* ILOtherId.m */ = {isa = PBXFileReference; fileEncoding = 4; lastKnownFileType = sourcecode.c.objc; name = ILOtherId.m; path = Classes/ILOtherId.m; sourceTree = "<group>"; };
		52B1B22110F3E28100C555F3 /* ILPos.h */ = {isa = PBXFileReference; fileEncoding = 4; lastKnownFileType = sourcecode.c.h; name = ILPos.h; path = Classes/ILPos.h; sourceTree = "<group>"; };
		52B1B22210F3E28100C555F3 /* ILLoginResponse.h */ = {isa = PBXFileReference; fileEncoding = 4; lastKnownFileType = sourcecode.c.h; name = ILLoginResponse.h; path = Classes/ILLoginResponse.h; sourceTree = "<group>"; };
		52B1B22310F3E28100C555F3 /* ILPos.m */ = {isa = PBXFileReference; fileEncoding = 4; lastKnownFileType = sourcecode.c.objc; name = ILPos.m; path = Classes/ILPos.m; sourceTree = "<group>"; };
		52B1B22410F3E28100C555F3 /* ILLoginRequest.h */ = {isa = PBXFileReference; fileEncoding = 4; lastKnownFileType = sourcecode.c.h; name = ILLoginRequest.h; path = Classes/ILLoginRequest.h; sourceTree = "<group>"; };
		52B1B22510F3E28100C555F3 /* ILItem.m */ = {isa = PBXFileReference; fileEncoding = 4; lastKnownFileType = sourcecode.c.objc; name = ILItem.m; path = Classes/ILItem.m; sourceTree = "<group>"; };
		52B1B22610F3E28100C555F3 /* ILConstruction.m */ = {isa = PBXFileReference; fileEncoding = 4; lastKnownFileType = sourcecode.c.objc; name = ILConstruction.m; path = Classes/ILConstruction.m; sourceTree = "<group>"; };
		52B1B22710F3E28100C555F3 /* ILConstruction.h */ = {isa = PBXFileReference; fileEncoding = 4; lastKnownFileType = sourcecode.c.h; name = ILConstruction.h; path = Classes/ILConstruction.h; sourceTree = "<group>"; };
		8DC2EF5A0486A6940098B216 /* Info.plist */ = {isa = PBXFileReference; fileEncoding = 4; lastKnownFileType = text.plist.xml; path = Info.plist; sourceTree = "<group>"; };
		8DC2EF5B0486A6940098B216 /* IVEF.framework */ = {isa = PBXFileReference; explicitFileType = wrapper.framework; includeInIndex = 0; path = IVEF.framework; sourceTree = BUILT_PRODUCTS_DIR; };
		D2F7E79907B2D74100F64583 /* CoreData.framework */ = {isa = PBXFileReference; lastKnownFileType = wrapper.framework; name = CoreData.framework; path = /System/Library/Frameworks/CoreData.framework; sourceTree = "<absolute>"; };
/* End PBXFileReference section */

/* Begin PBXFrameworksBuildPhase section */
		8DC2EF560486A6940098B216 /* Frameworks */ = {
			isa = PBXFrameworksBuildPhase;
			buildActionMask = 2147483647;
			files = (
				8DC2EF570486A6940098B216 /* Cocoa.framework in Frameworks */,
			);
			runOnlyForDeploymentPostprocessing = 0;
		};
/* End PBXFrameworksBuildPhase section */

/* Begin PBXGroup section */
		034768DFFF38A50411DB9C8B /* Products */ = {
			isa = PBXGroup;
			children = (
				8DC2EF5B0486A6940098B216 /* IVEF.framework */,
			);
			name = Products;
			sourceTree = "<group>";
		};
		0867D691FE84028FC02AAC07 /* IVEF */ = {
			isa = PBXGroup;
			children = (
				08FB77AEFE84172EC02AAC07 /* Classes */,
				32C88DFF0371C24200C91783 /* Other Sources */,
				089C1665FE841158C02AAC07 /* Resources */,
				0867D69AFE84028FC02AAC07 /* External Frameworks and Libraries */,
				034768DFFF38A50411DB9C8B /* Products */,
			);
			name = IVEF;
			sourceTree = "<group>";
		};
		0867D69AFE84028FC02AAC07 /* External Frameworks and Libraries */ = {
			isa = PBXGroup;
			children = (
				1058C7B0FEA5585E11CA2CBB /* Linked Frameworks */,
				1058C7B2FEA5585E11CA2CBB /* Other Frameworks */,
			);
			name = "External Frameworks and Libraries";
			sourceTree = "<group>";
		};
		089C1665FE841158C02AAC07 /* Resources */ = {
			isa = PBXGroup;
			children = (
				8DC2EF5A0486A6940098B216 /* Info.plist */,
				089C1666FE841158C02AAC07 /* InfoPlist.strings */,
			);
			name = Resources;
			sourceTree = "<group>";
		};
		08FB77AEFE84172EC02AAC07 /* Classes */ = {
			isa = PBXGroup;
			children = (
				52B1B1EE10F3E28100C555F3 /* ILArea.h */,
				52B1B1EF10F3E28100C555F3 /* ILBody.h */,
				52B1B1F010F3E28100C555F3 /* ILItem.h */,
				52B1B1F110F3E28100C555F3 /* ILHeader.h */,
				52B1B1F210F3E28100C555F3 /* ILArea.m */,
				52B1B1F310F3E28100C555F3 /* ILLogout.m */,
				52B1B1F410F3E28100C555F3 /* ILPong.h */,
				52B1B1F510F3E28100C555F3 /* ILBody.m */,
				52B1B1F610F3E28100C555F3 /* ILSchema.h */,
				52B1B1F710F3E28100C555F3 /* ILIdentifier.h */,
				52B1B1F810F3E28100C555F3 /* ILUnType.m */,
				52B1B1F910F3E28100C555F3 /* ILServiceRequest.m */,
				52B1B1FA10F3E28100C555F3 /* ILVesselData.h */,
				52B1B1FB10F3E28100C555F3 /* ILTransmission.h */,
				52B1B1FC10F3E28100C555F3 /* ILWaypoint.m */,
				52B1B1FD10F3E28100C555F3 /* ILTransmission.m */,
				52B1B1FE10F3E28100C555F3 /* ILServiceRequestResponse.h */,
				52B1B1FF10F3E28100C555F3 /* ILHeader.m */,
				527246DF10F3EFD200FD065D /* ILObjectDatas.h */,
				527246E010F3EFD200FD065D /* ILObjectDatas.m */,
				52B1B20010F3E28100C555F3 /* ILFilter.m */,
				52B1B20110F3E28100C555F3 /* ILPing.h */,
				52B1B20210F3E28100C555F3 /* ILIdentifier.m */,
				52B1B20310F3E28100C555F3 /* ILVesselData.m */,
				52B1B20410F3E28100C555F3 /* ILLogout.h */,
				52B1B20510F3E28100C555F3 /* ILMSG_IVEF.h */,
				52B1B20610F3E28100C555F3 /* ILPong.m */,
				52B1B20710F3E28100C555F3 /* ILServerStatus.h */,
				52B1B20810F3E28100C555F3 /* ILParser.m */,
				52B1B20910F3E28100C555F3 /* ILVoyageData.h */,
				52B1B20A10F3E28100C555F3 /* ILVoyageData.m */,
				52B1B20B10F3E28100C555F3 /* ILMSG_IVEF.m */,
				52B1B20C10F3E28100C555F3 /* ILTaggedItem.m */,
				52B1B20D10F3E28100C555F3 /* ILServiceRequest.h */,
				52B1B20E10F3E28100C555F3 /* ILSchema.m */,
				52B1B20F10F3E28100C555F3 /* ILUnType.h */,
				52B1B21010F3E28100C555F3 /* ILOtherName.m */,
				52B1B21110F3E28100C555F3 /* ILLoginResponse.m */,
				52B1B21210F3E28100C555F3 /* ILTrackData.m */,
				52B1B21310F3E28100C555F3 /* ILTrackData.h */,
				52B1B21410F3E28100C555F3 /* ILTaggedItem.h */,
				52B1B21510F3E28100C555F3 /* ILWaypoint.h */,
				52B1B21610F3E28100C555F3 /* ILOtherName.h */,
				52B1B21710F3E28100C555F3 /* ILLoginRequest.m */,
				52B1B21810F3E28100C555F3 /* ILFilter.h */,
				52B1B21910F3E28100C555F3 /* ILOtherId.h */,
				52B1B21A10F3E28100C555F3 /* ILObjectData.m */,
				52B1B21B10F3E28100C555F3 /* ILPing.m */,
				52B1B21C10F3E28100C555F3 /* ILServiceRequestResponse.m */,
				52B1B21D10F3E28100C555F3 /* ILParser.h */,
				52B1B21E10F3E28100C555F3 /* ILServerStatus.m */,
				52B1B21F10F3E28100C555F3 /* ILObjectData.h */,
				52B1B22010F3E28100C555F3 /* ILOtherId.m */,
				52B1B22110F3E28100C555F3 /* ILPos.h */,
				52B1B22210F3E28100C555F3 /* ILLoginResponse.h */,
				52B1B22310F3E28100C555F3 /* ILPos.m */,
				52B1B22410F3E28100C555F3 /* ILLoginRequest.h */,
				52B1B22510F3E28100C555F3 /* ILItem.m */,
				52B1B22610F3E28100C555F3 /* ILConstruction.m */,
				52B1B22710F3E28100C555F3 /* ILConstruction.h */,
			);
			name = Classes;
			sourceTree = "<group>";
		};
		1058C7B0FEA5585E11CA2CBB /* Linked Frameworks */ = {
			isa = PBXGroup;
			children = (
				1058C7B1FEA5585E11CA2CBB /* Cocoa.framework */,
			);
			name = "Linked Frameworks";
			sourceTree = "<group>";
		};
		1058C7B2FEA5585E11CA2CBB /* Other Frameworks */ = {
			isa = PBXGroup;
			children = (
				0867D6A5FE840307C02AAC07 /* AppKit.framework */,
				D2F7E79907B2D74100F64583 /* CoreData.framework */,
				0867D69BFE84028FC02AAC07 /* Foundation.framework */,
			);
			name = "Other Frameworks";
			sourceTree = "<group>";
		};
		32C88DFF0371C24200C91783 /* Other Sources */ = {
			isa = PBXGroup;
			children = (
				32DBCF5E0370ADEE00C91783 /* IVEF_Prefix.pch */,
			);
			name = "Other Sources";
			sourceTree = "<group>";
		};
/* End PBXGroup section */

/* Begin PBXHeadersBuildPhase section */
		8DC2EF500486A6940098B216 /* Headers */ = {
			isa = PBXHeadersBuildPhase;
			buildActionMask = 2147483647;
			files = (
				52B1B22810F3E28100C555F3 /* ILArea.h in Headers */,
				52B1B22910F3E28100C555F3 /* ILBody.h in Headers */,
				52B1B22A10F3E28100C555F3 /* ILItem.h in Headers */,
				52B1B22B10F3E28100C555F3 /* ILHeader.h in Headers */,
				52B1B22E10F3E28100C555F3 /* ILPong.h in Headers */,
				52B1B23010F3E28100C555F3 /* ILSchema.h in Headers */,
				52B1B23110F3E28100C555F3 /* ILIdentifier.h in Headers */,
				52B1B23410F3E28100C555F3 /* ILVesselData.h in Headers */,
				52B1B23510F3E28100C555F3 /* ILTransmission.h in Headers */,
				52B1B23810F3E28100C555F3 /* ILServiceRequestResponse.h in Headers */,
				52B1B23B10F3E28100C555F3 /* ILPing.h in Headers */,
				52B1B23E10F3E28100C555F3 /* ILLogout.h in Headers */,
				52B1B23F10F3E28100C555F3 /* ILMSG_IVEF.h in Headers */,
				52B1B24110F3E28100C555F3 /* ILServerStatus.h in Headers */,
				52B1B24310F3E28100C555F3 /* ILVoyageData.h in Headers */,
				52B1B24710F3E28100C555F3 /* ILServiceRequest.h in Headers */,
				52B1B24910F3E28100C555F3 /* ILUnType.h in Headers */,
				52B1B24D10F3E28100C555F3 /* ILTrackData.h in Headers */,
				52B1B24E10F3E28100C555F3 /* ILTaggedItem.h in Headers */,
				52B1B24F10F3E28100C555F3 /* ILWaypoint.h in Headers */,
				52B1B25010F3E28100C555F3 /* ILOtherName.h in Headers */,
				52B1B25210F3E28100C555F3 /* ILFilter.h in Headers */,
				52B1B25310F3E28100C555F3 /* ILOtherId.h in Headers */,
				52B1B25710F3E28100C555F3 /* ILParser.h in Headers */,
				52B1B25910F3E28100C555F3 /* ILObjectData.h in Headers */,
				52B1B25B10F3E28100C555F3 /* ILPos.h in Headers */,
				52B1B25C10F3E28100C555F3 /* ILLoginResponse.h in Headers */,
				52B1B25E10F3E28100C555F3 /* ILLoginRequest.h in Headers */,
				52B1B26110F3E28100C555F3 /* ILConstruction.h in Headers */,
				527246E110F3EFD200FD065D /* ILObjectDatas.h in Headers */,
			);
			runOnlyForDeploymentPostprocessing = 0;
		};
/* End PBXHeadersBuildPhase section */

/* Begin PBXNativeTarget section */
		8DC2EF4F0486A6940098B216 /* IVEF */ = {
			isa = PBXNativeTarget;
			buildConfigurationList = 1DEB91AD08733DA50010E9CD /* Build configuration list for PBXNativeTarget "IVEF" */;
			buildPhases = (
				8DC2EF500486A6940098B216 /* Headers */,
				8DC2EF520486A6940098B216 /* Resources */,
				8DC2EF540486A6940098B216 /* Sources */,
				8DC2EF560486A6940098B216 /* Frameworks */,
			);
			buildRules = (
			);
			dependencies = (
			);
			name = IVEF;
			productInstallPath = "$(HOME)/Library/Frameworks";
			productName = IVEF;
			productReference = 8DC2EF5B0486A6940098B216 /* IVEF.framework */;
			productType = "com.apple.product-type.framework";
		};
/* End PBXNativeTarget section */

/* Begin PBXProject section */
		0867D690FE84028FC02AAC07 /* Project object */ = {
			isa = PBXProject;
			buildConfigurationList = 1DEB91B108733DA50010E9CD /* Build configuration list for PBXProject "IVEF" */;
			compatibilityVersion = "Xcode 3.1";
			hasScannedForEncodings = 1;
			mainGroup = 0867D691FE84028FC02AAC07 /* IVEF */;
			productRefGroup = 034768DFFF38A50411DB9C8B /* Products */;
			projectDirPath = "";
			projectRoot = "";
			targets = (
				8DC2EF4F0486A6940098B216 /* IVEF */,
			);
		};
/* End PBXProject section */

/* Begin PBXResourcesBuildPhase section */
		8DC2EF520486A6940098B216 /* Resources */ = {
			isa = PBXResourcesBuildPhase;
			buildActionMask = 2147483647;
			files = (
				8DC2EF530486A6940098B216 /* InfoPlist.strings in Resources */,
			);
			runOnlyForDeploymentPostprocessing = 0;
		};
/* End PBXResourcesBuildPhase section */

/* Begin PBXSourcesBuildPhase section */
		8DC2EF540486A6940098B216 /* Sources */ = {
			isa = PBXSourcesBuildPhase;
			buildActionMask = 2147483647;
			files = (
				52B1B22C10F3E28100C555F3 /* ILArea.m in Sources */,
				52B1B22D10F3E28100C555F3 /* ILLogout.m in Sources */,
				52B1B22F10F3E28100C555F3 /* ILBody.m in Sources */,
				52B1B23210F3E28100C555F3 /* ILUnType.m in Sources */,
				52B1B23310F3E28100C555F3 /* ILServiceRequest.m in Sources */,
				52B1B23610F3E28100C555F3 /* ILWaypoint.m in Sources */,
				52B1B23710F3E28100C555F3 /* ILTransmission.m in Sources */,
				52B1B23910F3E28100C555F3 /* ILHeader.m in Sources */,
				52B1B23A10F3E28100C555F3 /* ILFilter.m in Sources */,
				52B1B23C10F3E28100C555F3 /* ILIdentifier.m in Sources */,
				52B1B23D10F3E28100C555F3 /* ILVesselData.m in Sources */,
				52B1B24010F3E28100C555F3 /* ILPong.m in Sources */,
				52B1B24210F3E28100C555F3 /* ILParser.m in Sources */,
				52B1B24410F3E28100C555F3 /* ILVoyageData.m in Sources */,
				52B1B24510F3E28100C555F3 /* ILMSG_IVEF.m in Sources */,
				52B1B24610F3E28100C555F3 /* ILTaggedItem.m in Sources */,
				52B1B24810F3E28100C555F3 /* ILSchema.m in Sources */,
				52B1B24A10F3E28100C555F3 /* ILOtherName.m in Sources */,
				52B1B24B10F3E28100C555F3 /* ILLoginResponse.m in Sources */,
				52B1B24C10F3E28100C555F3 /* ILTrackData.m in Sources */,
				52B1B25110F3E28100C555F3 /* ILLoginRequest.m in Sources */,
				52B1B25410F3E28100C555F3 /* ILObjectData.m in Sources */,
				52B1B25510F3E28100C555F3 /* ILPing.m in Sources */,
				52B1B25610F3E28100C555F3 /* ILServiceRequestResponse.m in Sources */,
				52B1B25810F3E28100C555F3 /* ILServerStatus.m in Sources */,
				52B1B25A10F3E28100C555F3 /* ILOtherId.m in Sources */,
				52B1B25D10F3E28100C555F3 /* ILPos.m in Sources */,
				52B1B25F10F3E28100C555F3 /* ILItem.m in Sources */,
				52B1B26010F3E28100C555F3 /* ILConstruction.m in Sources */,
				527246E210F3EFD200FD065D /* ILObjectDatas.m in Sources */,
			);
			runOnlyForDeploymentPostprocessing = 0;
		};
/* End PBXSourcesBuildPhase section */

/* Begin PBXVariantGroup section */
		089C1666FE841158C02AAC07 /* InfoPlist.strings */ = {
			isa = PBXVariantGroup;
			children = (
				089C1667FE841158C02AAC07 /* English */,
			);
			name = InfoPlist.strings;
			sourceTree = "<group>";
		};
/* End PBXVariantGroup section */

/* Begin XCBuildConfiguration section */
		1DEB91AE08733DA50010E9CD /* Debug */ = {
			isa = XCBuildConfiguration;
			buildSettings = {
				ALWAYS_SEARCH_USER_PATHS = NO;
				COPY_PHASE_STRIP = NO;
				DYLIB_COMPATIBILITY_VERSION = 1;
				DYLIB_CURRENT_VERSION = 1;
				FRAMEWORK_VERSION = A;
				GCC_DYNAMIC_NO_PIC = NO;
				GCC_ENABLE_FIX_AND_CONTINUE = YES;
				GCC_MODEL_TUNING = G5;
				GCC_OPTIMIZATION_LEVEL = 0;
				GCC_PRECOMPILE_PREFIX_HEADER = YES;
				GCC_PREFIX_HEADER = IVEF_Prefix.pch;
				INFOPLIST_FILE = Info.plist;
				INSTALL_PATH = "$(HOME)/Library/Frameworks";
				PRODUCT_NAME = IVEF;
				WRAPPER_EXTENSION = framework;
			};
			name = Debug;
		};
		1DEB91AF08733DA50010E9CD /* Release */ = {
			isa = XCBuildConfiguration;
			buildSettings = {
				ALWAYS_SEARCH_USER_PATHS = NO;
				DEBUG_INFORMATION_FORMAT = "dwarf-with-dsym";
				DYLIB_COMPATIBILITY_VERSION = 1;
				DYLIB_CURRENT_VERSION = 1;
				FRAMEWORK_VERSION = A;
				GCC_MODEL_TUNING = G5;
				GCC_PRECOMPILE_PREFIX_HEADER = YES;
				GCC_PREFIX_HEADER = IVEF_Prefix.pch;
				INFOPLIST_FILE = Info.plist;
				INSTALL_PATH = "$(HOME)/Library/Frameworks";
				PRODUCT_NAME = IVEF;
				WRAPPER_EXTENSION = framework;
			};
			name = Release;
		};
		1DEB91B208733DA50010E9CD /* Debug */ = {
			isa = XCBuildConfiguration;
			buildSettings = {
				ARCHS = "$(ARCHS_STANDARD_32_BIT)";
				GCC_C_LANGUAGE_STANDARD = c99;
				GCC_OPTIMIZATION_LEVEL = 0;
				GCC_WARN_ABOUT_RETURN_TYPE = YES;
				GCC_WARN_UNUSED_VARIABLE = YES;
				ONLY_ACTIVE_ARCH = YES;
				PREBINDING = NO;
				SDKROOT = macosx10.5;
			};
			name = Debug;
		};
		1DEB91B308733DA50010E9CD /* Release */ = {
			isa = XCBuildConfiguration;
			buildSettings = {
				ARCHS = "$(ARCHS_STANDARD_32_BIT)";
				GCC_C_LANGUAGE_STANDARD = c99;
				GCC_WARN_ABOUT_RETURN_TYPE = YES;
				GCC_WARN_UNUSED_VARIABLE = YES;
				PREBINDING = NO;
				SDKROOT = macosx10.5;
			};
			name = Release;
		};
/* End XCBuildConfiguration section */

/* Begin XCConfigurationList section */
		1DEB91AD08733DA50010E9CD /* Build configuration list for PBXNativeTarget "IVEF" */ = {
			isa = XCConfigurationList;
			buildConfigurations = (
				1DEB91AE08733DA50010E9CD /* Debug */,
				1DEB91AF08733DA50010E9CD /* Release */,
			);
			defaultConfigurationIsVisible = 0;
			defaultConfigurationName = Release;
		};
		1DEB91B108733DA50010E9CD /* Build configuration list for PBXProject "IVEF" */ = {
			isa = XCConfigurationList;
			buildConfigurations = (
				1DEB91B208733DA50010E9CD /* Debug */,
				1DEB91B308733DA50010E9CD /* Release */,
			);
			defaultConfigurationIsVisible = 0;
			defaultConfigurationName = Release;
		};
/* End XCConfigurationList section */
	};
	rootObject = 0867D690FE84028FC02AAC07 /* Project object */;
}
